// !$*UTF8*$!
{
	archiveVersion = 1;
	classes = {
	};
	objectVersion = 46;
	objects = {

/* Begin PBXBuildFile section */
		230E67251F7C90D7004DC882 /* AppDelegate.swift in Sources */ = {isa = PBXBuildFile; fileRef = 230E67241F7C90D7004DC882 /* AppDelegate.swift */; };
		230E67271F7C90D7004DC882 /* ViewController.swift in Sources */ = {isa = PBXBuildFile; fileRef = 230E67261F7C90D7004DC882 /* ViewController.swift */; };
		230E672A1F7C90D7004DC882 /* Main.storyboard in Resources */ = {isa = PBXBuildFile; fileRef = 230E67281F7C90D7004DC882 /* Main.storyboard */; };
		230E672C1F7C90D7004DC882 /* Assets.xcassets in Resources */ = {isa = PBXBuildFile; fileRef = 230E672B1F7C90D7004DC882 /* Assets.xcassets */; };
		230E672F1F7C90D7004DC882 /* LaunchScreen.storyboard in Resources */ = {isa = PBXBuildFile; fileRef = 230E672D1F7C90D7004DC882 /* LaunchScreen.storyboard */; };
/* End PBXBuildFile section */

/* Begin PBXFileReference section */
		230E67211F7C90D7004DC882 /* 170928_ScrollView.app */ = {isa = PBXFileReference; explicitFileType = wrapper.application; includeInIndex = 0; path = 170928_ScrollView.app; sourceTree = BUILT_PRODUCTS_DIR; };
		230E67241F7C90D7004DC882 /* AppDelegate.swift */ = {isa = PBXFileReference; lastKnownFileType = sourcecode.swift; path = AppDelegate.swift; sourceTree = "<group>"; };
		230E67261F7C90D7004DC882 /* ViewController.swift */ = {isa = PBXFileReference; lastKnownFileType = sourcecode.swift; path = ViewController.swift; sourceTree = "<group>"; };
		230E67291F7C90D7004DC882 /* Base */ = {isa = PBXFileReference; lastKnownFileType = file.storyboard; name = Base; path = Base.lproj/Main.storyboard; sourceTree = "<group>"; };
		230E672B1F7C90D7004DC882 /* Assets.xcassets */ = {isa = PBXFileReference; lastKnownFileType = folder.assetcatalog; path = Assets.xcassets; sourceTree = "<group>"; };
		230E672E1F7C90D7004DC882 /* Base */ = {isa = PBXFileReference; lastKnownFileType = file.storyboard; name = Base; path = Base.lproj/LaunchScreen.storyboard; sourceTree = "<group>"; };
		230E67301F7C90D7004DC882 /* Info.plist */ = {isa = PBXFileReference; lastKnownFileType = text.plist.xml; path = Info.plist; sourceTree = "<group>"; };
/* End PBXFileReference section */

/* Begin PBXFrameworksBuildPhase section */
		230E671E1F7C90D7004DC882 /* Frameworks */ = {
			isa = PBXFrameworksBuildPhase;
			buildActionMask = 2147483647;
			files = (
			);
			runOnlyForDeploymentPostprocessing = 0;
		};
/* End PBXFrameworksBuildPhase section */

/* Begin PBXGroup section */
		230E67181F7C90D7004DC882 = {
			isa = PBXGroup;
			children = (
				230E67231F7C90D7004DC882 /* 170928_ScrollView */,
				230E67221F7C90D7004DC882 /* Products */,
			);
			sourceTree = "<group>";
		};
		230E67221F7C90D7004DC882 /* Products */ = {
			isa = PBXGroup;
			children = (
				230E67211F7C90D7004DC882 /* 170928_ScrollView.app */,
			);
			name = Products;
			sourceTree = "<group>";
		};
		230E67231F7C90D7004DC882 /* 170928_ScrollView */ = {
			isa = PBXGroup;
			children = (
				230E67241F7C90D7004DC882 /* AppDelegate.swift */,
				230E67261F7C90D7004DC882 /* ViewController.swift */,
				230E67281F7C90D7004DC882 /* Main.storyboard */,
				230E672B1F7C90D7004DC882 /* Assets.xcassets */,
				230E672D1F7C90D7004DC882 /* LaunchScreen.storyboard */,
				230E67301F7C90D7004DC882 /* Info.plist */,
			);
			path = 170928_ScrollView;
			sourceTree = "<group>";
		};
/* End PBXGroup section */

/* Begin PBXNativeTarget section */
		230E67201F7C90D7004DC882 /* 170928_ScrollView */ = {
			isa = PBXNativeTarget;
			buildConfigurationList = 230E67331F7C90D7004DC882 /* Build configuration list for PBXNativeTarget "170928_ScrollView" */;
			buildPhases = (
				230E671D1F7C90D7004DC882 /* Sources */,
				230E671E1F7C90D7004DC882 /* Frameworks */,
				230E671F1F7C90D7004DC882 /* Resources */,
			);
			buildRules = (
			);
			dependencies = (
			);
			name = 170928_ScrollView;
			productName = 170928_ScrollView;
			productReference = 230E67211F7C90D7004DC882 /* 170928_ScrollView.app */;
			productType = "com.apple.product-type.application";
		};
/* End PBXNativeTarget section */

/* Begin PBXProject section */
		230E67191F7C90D7004DC882 /* Project object */ = {
			isa = PBXProject;
			attributes = {
				LastSwiftUpdateCheck = 0830;
				LastUpgradeCheck = 0830;
				ORGANIZATIONNAME = SIMA;
				TargetAttributes = {
					230E67201F7C90D7004DC882 = {
						CreatedOnToolsVersion = 8.3.3;
						ProvisioningStyle = Automatic;
					};
				};
			};
			buildConfigurationList = 230E671C1F7C90D7004DC882 /* Build configuration list for PBXProject "170928_ScrollView" */;
			compatibilityVersion = "Xcode 3.2";
			developmentRegion = English;
			hasScannedForEncodings = 0;
			knownRegions = (
				en,
				Base,
			);
			mainGroup = 230E67181F7C90D7004DC882;
			productRefGroup = 230E67221F7C90D7004DC882 /* Products */;
			projectDirPath = "";
			projectRoot = "";
			targets = (
				230E67201F7C90D7004DC882 /* 170928_ScrollView */,
			);
		};
/* End PBXProject section */

/* Begin PBXResourcesBuildPhase section */
		230E671F1F7C90D7004DC882 /* Resources */ = {
			isa = PBXResourcesBuildPhase;
			buildActionMask = 2147483647;
			files = (
				230E672F1F7C90D7004DC882 /* LaunchScreen.storyboard in Resources */,
				230E672C1F7C90D7004DC882 /* Assets.xcassets in Resources */,
				230E672A1F7C90D7004DC882 /* Main.storyboard in Resources */,
			);
			runOnlyForDeploymentPostprocessing = 0;
		};
/* End PBXResourcesBuildPhase section */

/* Begin PBXSourcesBuildPhase section */
		230E671D1F7C90D7004DC882 /* Sources */ = {
			isa = PBXSourcesBuildPhase;
			buildActionMask = 2147483647;
			files = (
				230E67271F7C90D7004DC882 /* ViewController.swift in Sources */,
				230E67251F7C90D7004DC882 /* AppDelegate.swift in Sources */,
			);
			runOnlyForDeploymentPostprocessing = 0;
		};
/* End PBXSourcesBuildPhase section */

/* Begin PBXVariantGroup section */
		230E67281F7C90D7004DC882 /* Main.storyboard */ = {
			isa = PBXVariantGroup;
			children = (
				230E67291F7C90D7004DC882 /* Base */,
			);
			name = Main.storyboard;
			sourceTree = "<group>";
		};
		230E672D1F7C90D7004DC882 /* LaunchScreen.storyboard */ = {
			isa = PBXVariantGroup;
			children = (
				230E672E1F7C90D7004DC882 /* Base */,
			);
			name = LaunchScreen.storyboard;
			sourceTree = "<group>";
		};
/* End PBXVariantGroup section */

/* Begin XCBuildConfiguration section */
		230E67311F7C90D7004DC882 /* Debug */ = {
			isa = XCBuildConfiguration;
			buildSettings = {
				ALWAYS_SEARCH_USER_PATHS = NO;
				CLANG_ANALYZER_NONNULL = YES;
				CLANG_ANALYZER_NUMBER_OBJECT_CONVERSION = YES_AGGRESSIVE;
				CLANG_CXX_LANGUAGE_STANDARD = "gnu++0x";
				CLANG_CXX_LIBRARY = "libc++";
				CLANG_ENABLE_MODULES = YES;
				CLANG_ENABLE_OBJC_ARC = YES;
				CLANG_WARN_BOOL_CONVERSION = YES;
				CLANG_WARN_CONSTANT_CONVERSION = YES;
				CLANG_WARN_DIRECT_OBJC_ISA_USAGE = YES_ERROR;
				CLANG_WARN_DOCUMENTATION_COMMENTS = YES;
				CLANG_WARN_EMPTY_BODY = YES;
				CLANG_WARN_ENUM_CONVERSION = YES;
				CLANG_WARN_INFINITE_RECURSION = YES;
				CLANG_WARN_INT_CONVERSION = YES;
				CLANG_WARN_OBJC_ROOT_CLASS = YES_ERROR;
				CLANG_WARN_SUSPICIOUS_MOVE = YES;
				CLANG_WARN_UNREACHABLE_CODE = YES;
				CLANG_WARN__DUPLICATE_METHOD_MATCH = YES;
				"CODE_SIGN_IDENTITY[sdk=iphoneos*]" = "iPhone Developer";
				COPY_PHASE_STRIP = NO;
				DEBUG_INFORMATION_FORMAT = dwarf;
				ENABLE_STRICT_OBJC_MSGSEND = YES;
				ENABLE_TESTABILITY = YES;
				GCC_C_LANGUAGE_STANDARD = gnu99;
				GCC_DYNAMIC_NO_PIC = NO;
				GCC_NO_COMMON_BLOCKS = YES;
				GCC_OPTIMIZATION_LEVEL = 0;
				GCC_PREPROCESSOR_DEFINITIONS = (
					"DEBUG=1",
					"$(inherited)",
				);
				GCC_WARN_64_TO_32_BIT_CONVERSION = YES;
				GCC_WARN_ABOUT_RETURN_TYPE = YES_ERROR;
				GCC_WARN_UNDECLARED_SELECTOR = YES;
				GCC_WARN_UNINITIALIZED_AUTOS = YES_AGGRESSIVE;
				GCC_WARN_UNUSED_FUNCTION = YES;
				GCC_WARN_UNUSED_VARIABLE = YES;
				IPHONEOS_DEPLOYMENT_TARGET = 10.3;
				MTL_ENABLE_DEBUG_INFO = YES;
				ONLY_ACTIVE_ARCH = YES;
				SDKROOT = iphoneos;
				SWIFT_ACTIVE_COMPILATION_CONDITIONS = DEBUG;
				SWIFT_OPTIMIZATION_LEVEL = "-Onone";
			};
			name = Debug;
		};
		230E67321F7C90D7004DC882 /* Release */ = {
			isa = XCBuildConfiguration;
			buildSettings = {
				ALWAYS_SEARCH_USER_PATHS = NO;
				CLANG_ANALYZER_NONNULL = YES;
				CLANG_ANALYZER_NUMBER_OBJECT_CONVERSION = YES_AGGRESSIVE;
				CLANG_CXX_LANGUAGE_STANDARD = "gnu++0x";
				CLANG_CXX_LIBRARY = "libc++";
				CLANG_ENABLE_MODULES = YES;
				CLANG_ENABLE_OBJC_ARC = YES;
				CLANG_WARN_BOOL_CONVERSION = YES;
				CLANG_WARN_CONSTANT_CONVERSION = YES;
				CLANG_WARN_DIRECT_OBJC_ISA_USAGE = YES_ERROR;
				CLANG_WARN_DOCUMENTATION_COMMENTS = YES;
				CLANG_WARN_EMPTY_BODY = YES;
				CLANG_WARN_ENUM_CONVERSION = YES;
				CLANG_WARN_INFINITE_RECURSION = YES;
				CLANG_WARN_INT_CONVERSION = YES;
				CLANG_WARN_OBJC_ROOT_CLASS = YES_ERROR;
				CLANG_WARN_SUSPICIOUS_MOVE = YES;
				CLANG_WARN_UNREACHABLE_CODE = YES;
				CLANG_WARN__DUPLICATE_METHOD_MATCH = YES;
				"CODE_SIGN_IDENTITY[sdk=iphoneos*]" = "iPhone Developer";
				COPY_PHASE_STRIP = NO;
				DEBUG_INFORMATION_FORMAT = "dwarf-with-dsym";
				ENABLE_NS_ASSERTIONS = NO;
				ENABLE_STRICT_OBJC_MSGSEND = YES;
				GCC_C_LANGUAGE_STANDARD = gnu99;
				GCC_NO_COMMON_BLOCKS = YES;
				GCC_WARN_64_TO_32_BIT_CONVERSION = YES;
				GCC_WARN_ABOUT_RETURN_TYPE = YES_ERROR;
				GCC_WARN_UNDECLARED_SELECTOR = YES;
				GCC_WARN_UNINITIALIZED_AUTOS = YES_AGGRESSIVE;
				GCC_WARN_UNUSED_FUNCTION = YES;
				GCC_WARN_UNUSED_VARIABLE = YES;
				IPHONEOS_DEPLOYMENT_TARGET = 10.3;
				MTL_ENABLE_DEBUG_INFO = NO;
				SDKROOT = iphoneos;
				SWIFT_OPTIMIZATION_LEVEL = "-Owholemodule";
				VALIDATE_PRODUCT = YES;
			};
			name = Release;
		};
		230E67341F7C90D7004DC882 /* Debug */ = {
			isa = XCBuildConfiguration;
			buildSettings = {
				ASSETCATALOG_COMPILER_APPICON_NAME = AppIcon;
				INFOPLIST_FILE = 170928_ScrollView/Info.plist;
				LD_RUNPATH_SEARCH_PATHS = "$(inherited) @executable_path/Frameworks";
				PRODUCT_BUNDLE_IDENTIFIER = "com.SIMA.-70928-ScrollView";
				PRODUCT_NAME = "$(TARGET_NAME)";
				SWIFT_VERSION = 3.0;
			};
			name = Debug;
		};
		230E67351F7C90D7004DC882 /* Release */ = {
			isa = XCBuildConfiguration;
			buildSettings = {
				ASSETCATALOG_COMPILER_APPICON_NAME = AppIcon;
				INFOPLIST_FILE = 170928_ScrollView/Info.plist;
				LD_RUNPATH_SEARCH_PATHS = "$(inherited) @executable_path/Frameworks";
				PRODUCT_BUNDLE_IDENTIFIER = "com.SIMA.-70928-ScrollView";
				PRODUCT_NAME = "$(TARGET_NAME)";
				SWIFT_VERSION = 3.0;
			};
			name = Release;
		};
/* End XCBuildConfiguration section */

/* Begin XCConfigurationList section */
		230E671C1F7C90D7004DC882 /* Build configuration list for PBXProject "170928_ScrollView" */ = {
			isa = XCConfigurationList;
			buildConfigurations = (
				230E67311F7C90D7004DC882 /* Debug */,
				230E67321F7C90D7004DC882 /* Release */,
			);
			defaultConfigurationIsVisible = 0;
			defaultConfigurationName = Release;
		};
		230E67331F7C90D7004DC882 /* Build configuration list for PBXNativeTarget "170928_ScrollView" */ = {
			isa = XCConfigurationList;
			buildConfigurations = (
				230E67341F7C90D7004DC882 /* Debug */,
				230E67351F7C90D7004DC882 /* Release */,
			);
			defaultConfigurationIsVisible = 0;
		};
/* End XCConfigurationList section */
	};
	rootObject = 230E67191F7C90D7004DC882 /* Project object */;
}
