// !$*UTF8*$!
{
	archiveVersion = 1;
	classes = {
	};
	objectVersion = 48;
	objects = {

/* Begin PBXBuildFile section */
		231995F81FB291B9005CFBF8 /* AppDelegate.swift in Sources */ = {isa = PBXBuildFile; fileRef = 231995F71FB291B9005CFBF8 /* AppDelegate.swift */; };
		231995FA1FB291B9005CFBF8 /* ViewController.swift in Sources */ = {isa = PBXBuildFile; fileRef = 231995F91FB291B9005CFBF8 /* ViewController.swift */; };
		231995FD1FB291B9005CFBF8 /* Main.storyboard in Resources */ = {isa = PBXBuildFile; fileRef = 231995FB1FB291B9005CFBF8 /* Main.storyboard */; };
		231995FF1FB291B9005CFBF8 /* Assets.xcassets in Resources */ = {isa = PBXBuildFile; fileRef = 231995FE1FB291B9005CFBF8 /* Assets.xcassets */; };
		231996021FB291B9005CFBF8 /* LaunchScreen.storyboard in Resources */ = {isa = PBXBuildFile; fileRef = 231996001FB291B9005CFBF8 /* LaunchScreen.storyboard */; };
		2319960A1FB296C1005CFBF8 /* TJCalendar.swift in Sources */ = {isa = PBXBuildFile; fileRef = 231996091FB296C1005CFBF8 /* TJCalendar.swift */; };
		2319960C1FB2AAD9005CFBF8 /* TJCalendarDataCenter.swift in Sources */ = {isa = PBXBuildFile; fileRef = 2319960B1FB2AAD9005CFBF8 /* TJCalendarDataCenter.swift */; };
/* End PBXBuildFile section */

/* Begin PBXFileReference section */
		231995F41FB291B9005CFBF8 /* 171108_CollectionCalendar.app */ = {isa = PBXFileReference; explicitFileType = wrapper.application; includeInIndex = 0; path = 171108_CollectionCalendar.app; sourceTree = BUILT_PRODUCTS_DIR; };
		231995F71FB291B9005CFBF8 /* AppDelegate.swift */ = {isa = PBXFileReference; lastKnownFileType = sourcecode.swift; path = AppDelegate.swift; sourceTree = "<group>"; };
		231995F91FB291B9005CFBF8 /* ViewController.swift */ = {isa = PBXFileReference; lastKnownFileType = sourcecode.swift; path = ViewController.swift; sourceTree = "<group>"; };
		231995FC1FB291B9005CFBF8 /* Base */ = {isa = PBXFileReference; lastKnownFileType = file.storyboard; name = Base; path = Base.lproj/Main.storyboard; sourceTree = "<group>"; };
		231995FE1FB291B9005CFBF8 /* Assets.xcassets */ = {isa = PBXFileReference; lastKnownFileType = folder.assetcatalog; path = Assets.xcassets; sourceTree = "<group>"; };
		231996011FB291B9005CFBF8 /* Base */ = {isa = PBXFileReference; lastKnownFileType = file.storyboard; name = Base; path = Base.lproj/LaunchScreen.storyboard; sourceTree = "<group>"; };
		231996031FB291B9005CFBF8 /* Info.plist */ = {isa = PBXFileReference; lastKnownFileType = text.plist.xml; path = Info.plist; sourceTree = "<group>"; };
		231996091FB296C1005CFBF8 /* TJCalendar.swift */ = {isa = PBXFileReference; lastKnownFileType = sourcecode.swift; path = TJCalendar.swift; sourceTree = "<group>"; };
		2319960B1FB2AAD9005CFBF8 /* TJCalendarDataCenter.swift */ = {isa = PBXFileReference; lastKnownFileType = sourcecode.swift; path = TJCalendarDataCenter.swift; sourceTree = "<group>"; };
/* End PBXFileReference section */

/* Begin PBXFrameworksBuildPhase section */
		231995F11FB291B9005CFBF8 /* Frameworks */ = {
			isa = PBXFrameworksBuildPhase;
			buildActionMask = 2147483647;
			files = (
			);
			runOnlyForDeploymentPostprocessing = 0;
		};
/* End PBXFrameworksBuildPhase section */

/* Begin PBXGroup section */
		231995EB1FB291B9005CFBF8 = {
			isa = PBXGroup;
			children = (
				231995F61FB291B9005CFBF8 /* 171108_CollectionCalendar */,
				231995F51FB291B9005CFBF8 /* Products */,
			);
			sourceTree = "<group>";
		};
		231995F51FB291B9005CFBF8 /* Products */ = {
			isa = PBXGroup;
			children = (
				231995F41FB291B9005CFBF8 /* 171108_CollectionCalendar.app */,
			);
			name = Products;
			sourceTree = "<group>";
		};
		231995F61FB291B9005CFBF8 /* 171108_CollectionCalendar */ = {
			isa = PBXGroup;
			children = (
				231995F71FB291B9005CFBF8 /* AppDelegate.swift */,
				231995F91FB291B9005CFBF8 /* ViewController.swift */,
				231996091FB296C1005CFBF8 /* TJCalendar.swift */,
				2319960B1FB2AAD9005CFBF8 /* TJCalendarDataCenter.swift */,
				231995FB1FB291B9005CFBF8 /* Main.storyboard */,
				231995FE1FB291B9005CFBF8 /* Assets.xcassets */,
				231996001FB291B9005CFBF8 /* LaunchScreen.storyboard */,
				231996031FB291B9005CFBF8 /* Info.plist */,
			);
			path = 171108_CollectionCalendar;
			sourceTree = "<group>";
		};
/* End PBXGroup section */

/* Begin PBXNativeTarget section */
		231995F31FB291B9005CFBF8 /* 171108_CollectionCalendar */ = {
			isa = PBXNativeTarget;
			buildConfigurationList = 231996061FB291B9005CFBF8 /* Build configuration list for PBXNativeTarget "171108_CollectionCalendar" */;
			buildPhases = (
				231995F01FB291B9005CFBF8 /* Sources */,
				231995F11FB291B9005CFBF8 /* Frameworks */,
				231995F21FB291B9005CFBF8 /* Resources */,
			);
			buildRules = (
			);
			dependencies = (
			);
			name = 171108_CollectionCalendar;
			productName = 171108_CollectionCalendar;
			productReference = 231995F41FB291B9005CFBF8 /* 171108_CollectionCalendar.app */;
			productType = "com.apple.product-type.application";
		};
/* End PBXNativeTarget section */

/* Begin PBXProject section */
		231995EC1FB291B9005CFBF8 /* Project object */ = {
			isa = PBXProject;
			attributes = {
				LastSwiftUpdateCheck = 0910;
				LastUpgradeCheck = 0910;
				ORGANIZATIONNAME = SimaDev;
				TargetAttributes = {
					231995F31FB291B9005CFBF8 = {
						CreatedOnToolsVersion = 9.1;
						ProvisioningStyle = Automatic;
					};
				};
			};
			buildConfigurationList = 231995EF1FB291B9005CFBF8 /* Build configuration list for PBXProject "171108_CollectionCalendar" */;
			compatibilityVersion = "Xcode 8.0";
			developmentRegion = en;
			hasScannedForEncodings = 0;
			knownRegions = (
				en,
				Base,
			);
			mainGroup = 231995EB1FB291B9005CFBF8;
			productRefGroup = 231995F51FB291B9005CFBF8 /* Products */;
			projectDirPath = "";
			projectRoot = "";
			targets = (
				231995F31FB291B9005CFBF8 /* 171108_CollectionCalendar */,
			);
		};
/* End PBXProject section */

/* Begin PBXResourcesBuildPhase section */
		231995F21FB291B9005CFBF8 /* Resources */ = {
			isa = PBXResourcesBuildPhase;
			buildActionMask = 2147483647;
			files = (
				231996021FB291B9005CFBF8 /* LaunchScreen.storyboard in Resources */,
				231995FF1FB291B9005CFBF8 /* Assets.xcassets in Resources */,
				231995FD1FB291B9005CFBF8 /* Main.storyboard in Resources */,
			);
			runOnlyForDeploymentPostprocessing = 0;
		};
/* End PBXResourcesBuildPhase section */

/* Begin PBXSourcesBuildPhase section */
		231995F01FB291B9005CFBF8 /* Sources */ = {
			isa = PBXSourcesBuildPhase;
			buildActionMask = 2147483647;
			files = (
				2319960C1FB2AAD9005CFBF8 /* TJCalendarDataCenter.swift in Sources */,
				231995FA1FB291B9005CFBF8 /* ViewController.swift in Sources */,
				2319960A1FB296C1005CFBF8 /* TJCalendar.swift in Sources */,
				231995F81FB291B9005CFBF8 /* AppDelegate.swift in Sources */,
			);
			runOnlyForDeploymentPostprocessing = 0;
		};
/* End PBXSourcesBuildPhase section */

/* Begin PBXVariantGroup section */
		231995FB1FB291B9005CFBF8 /* Main.storyboard */ = {
			isa = PBXVariantGroup;
			children = (
				231995FC1FB291B9005CFBF8 /* Base */,
			);
			name = Main.storyboard;
			sourceTree = "<group>";
		};
		231996001FB291B9005CFBF8 /* LaunchScreen.storyboard */ = {
			isa = PBXVariantGroup;
			children = (
				231996011FB291B9005CFBF8 /* Base */,
			);
			name = LaunchScreen.storyboard;
			sourceTree = "<group>";
		};
/* End PBXVariantGroup section */

/* Begin XCBuildConfiguration section */
		231996041FB291B9005CFBF8 /* Debug */ = {
			isa = XCBuildConfiguration;
			buildSettings = {
				ALWAYS_SEARCH_USER_PATHS = NO;
				CLANG_ANALYZER_NONNULL = YES;
				CLANG_ANALYZER_NUMBER_OBJECT_CONVERSION = YES_AGGRESSIVE;
				CLANG_CXX_LANGUAGE_STANDARD = "gnu++14";
				CLANG_CXX_LIBRARY = "libc++";
				CLANG_ENABLE_MODULES = YES;
				CLANG_ENABLE_OBJC_ARC = YES;
				CLANG_WARN_BLOCK_CAPTURE_AUTORELEASING = YES;
				CLANG_WARN_BOOL_CONVERSION = YES;
				CLANG_WARN_COMMA = YES;
				CLANG_WARN_CONSTANT_CONVERSION = YES;
				CLANG_WARN_DIRECT_OBJC_ISA_USAGE = YES_ERROR;
				CLANG_WARN_DOCUMENTATION_COMMENTS = YES;
				CLANG_WARN_EMPTY_BODY = YES;
				CLANG_WARN_ENUM_CONVERSION = YES;
				CLANG_WARN_INFINITE_RECURSION = YES;
				CLANG_WARN_INT_CONVERSION = YES;
				CLANG_WARN_NON_LITERAL_NULL_CONVERSION = YES;
				CLANG_WARN_OBJC_LITERAL_CONVERSION = YES;
				CLANG_WARN_OBJC_ROOT_CLASS = YES_ERROR;
				CLANG_WARN_RANGE_LOOP_ANALYSIS = YES;
				CLANG_WARN_STRICT_PROTOTYPES = YES;
				CLANG_WARN_SUSPICIOUS_MOVE = YES;
				CLANG_WARN_UNGUARDED_AVAILABILITY = YES_AGGRESSIVE;
				CLANG_WARN_UNREACHABLE_CODE = YES;
				CLANG_WARN__DUPLICATE_METHOD_MATCH = YES;
				CODE_SIGN_IDENTITY = "iPhone Developer";
				COPY_PHASE_STRIP = NO;
				DEBUG_INFORMATION_FORMAT = dwarf;
				ENABLE_STRICT_OBJC_MSGSEND = YES;
				ENABLE_TESTABILITY = YES;
				GCC_C_LANGUAGE_STANDARD = gnu11;
				GCC_DYNAMIC_NO_PIC = NO;
				GCC_NO_COMMON_BLOCKS = YES;
				GCC_OPTIMIZATION_LEVEL = 0;
				GCC_PREPROCESSOR_DEFINITIONS = (
					"DEBUG=1",
					"$(inherited)",
				);
				GCC_WARN_64_TO_32_BIT_CONVERSION = YES;
				GCC_WARN_ABOUT_RETURN_TYPE = YES_ERROR;
				GCC_WARN_UNDECLARED_SELECTOR = YES;
				GCC_WARN_UNINITIALIZED_AUTOS = YES_AGGRESSIVE;
				GCC_WARN_UNUSED_FUNCTION = YES;
				GCC_WARN_UNUSED_VARIABLE = YES;
				IPHONEOS_DEPLOYMENT_TARGET = 11.1;
				MTL_ENABLE_DEBUG_INFO = YES;
				ONLY_ACTIVE_ARCH = YES;
				SDKROOT = iphoneos;
				SWIFT_ACTIVE_COMPILATION_CONDITIONS = DEBUG;
				SWIFT_OPTIMIZATION_LEVEL = "-Onone";
			};
			name = Debug;
		};
		231996051FB291B9005CFBF8 /* Release */ = {
			isa = XCBuildConfiguration;
			buildSettings = {
				ALWAYS_SEARCH_USER_PATHS = NO;
				CLANG_ANALYZER_NONNULL = YES;
				CLANG_ANALYZER_NUMBER_OBJECT_CONVERSION = YES_AGGRESSIVE;
				CLANG_CXX_LANGUAGE_STANDARD = "gnu++14";
				CLANG_CXX_LIBRARY = "libc++";
				CLANG_ENABLE_MODULES = YES;
				CLANG_ENABLE_OBJC_ARC = YES;
				CLANG_WARN_BLOCK_CAPTURE_AUTORELEASING = YES;
				CLANG_WARN_BOOL_CONVERSION = YES;
				CLANG_WARN_COMMA = YES;
				CLANG_WARN_CONSTANT_CONVERSION = YES;
				CLANG_WARN_DIRECT_OBJC_ISA_USAGE = YES_ERROR;
				CLANG_WARN_DOCUMENTATION_COMMENTS = YES;
				CLANG_WARN_EMPTY_BODY = YES;
				CLANG_WARN_ENUM_CONVERSION = YES;
				CLANG_WARN_INFINITE_RECURSION = YES;
				CLANG_WARN_INT_CONVERSION = YES;
				CLANG_WARN_NON_LITERAL_NULL_CONVERSION = YES;
				CLANG_WARN_OBJC_LITERAL_CONVERSION = YES;
				CLANG_WARN_OBJC_ROOT_CLASS = YES_ERROR;
				CLANG_WARN_RANGE_LOOP_ANALYSIS = YES;
				CLANG_WARN_STRICT_PROTOTYPES = YES;
				CLANG_WARN_SUSPICIOUS_MOVE = YES;
				CLANG_WARN_UNGUARDED_AVAILABILITY = YES_AGGRESSIVE;
				CLANG_WARN_UNREACHABLE_CODE = YES;
				CLANG_WARN__DUPLICATE_METHOD_MATCH = YES;
				CODE_SIGN_IDENTITY = "iPhone Developer";
				COPY_PHASE_STRIP = NO;
				DEBUG_INFORMATION_FORMAT = "dwarf-with-dsym";
				ENABLE_NS_ASSERTIONS = NO;
				ENABLE_STRICT_OBJC_MSGSEND = YES;
				GCC_C_LANGUAGE_STANDARD = gnu11;
				GCC_NO_COMMON_BLOCKS = YES;
				GCC_WARN_64_TO_32_BIT_CONVERSION = YES;
				GCC_WARN_ABOUT_RETURN_TYPE = YES_ERROR;
				GCC_WARN_UNDECLARED_SELECTOR = YES;
				GCC_WARN_UNINITIALIZED_AUTOS = YES_AGGRESSIVE;
				GCC_WARN_UNUSED_FUNCTION = YES;
				GCC_WARN_UNUSED_VARIABLE = YES;
				IPHONEOS_DEPLOYMENT_TARGET = 11.1;
				MTL_ENABLE_DEBUG_INFO = NO;
				SDKROOT = iphoneos;
				SWIFT_OPTIMIZATION_LEVEL = "-Owholemodule";
				VALIDATE_PRODUCT = YES;
			};
			name = Release;
		};
		231996071FB291B9005CFBF8 /* Debug */ = {
			isa = XCBuildConfiguration;
			buildSettings = {
				ASSETCATALOG_COMPILER_APPICON_NAME = AppIcon;
				CODE_SIGN_STYLE = Automatic;
				INFOPLIST_FILE = 171108_CollectionCalendar/Info.plist;
				LD_RUNPATH_SEARCH_PATHS = "$(inherited) @executable_path/Frameworks";
				PRODUCT_BUNDLE_IDENTIFIER = "com.SimaDev.-71108-CollectionCalendar";
				PRODUCT_NAME = "$(TARGET_NAME)";
				SWIFT_VERSION = 4.0;
				TARGETED_DEVICE_FAMILY = "1,2";
			};
			name = Debug;
		};
		231996081FB291B9005CFBF8 /* Release */ = {
			isa = XCBuildConfiguration;
			buildSettings = {
				ASSETCATALOG_COMPILER_APPICON_NAME = AppIcon;
				CODE_SIGN_STYLE = Automatic;
				INFOPLIST_FILE = 171108_CollectionCalendar/Info.plist;
				LD_RUNPATH_SEARCH_PATHS = "$(inherited) @executable_path/Frameworks";
				PRODUCT_BUNDLE_IDENTIFIER = "com.SimaDev.-71108-CollectionCalendar";
				PRODUCT_NAME = "$(TARGET_NAME)";
				SWIFT_VERSION = 4.0;
				TARGETED_DEVICE_FAMILY = "1,2";
			};
			name = Release;
		};
/* End XCBuildConfiguration section */

/* Begin XCConfigurationList section */
		231995EF1FB291B9005CFBF8 /* Build configuration list for PBXProject "171108_CollectionCalendar" */ = {
			isa = XCConfigurationList;
			buildConfigurations = (
				231996041FB291B9005CFBF8 /* Debug */,
				231996051FB291B9005CFBF8 /* Release */,
			);
			defaultConfigurationIsVisible = 0;
			defaultConfigurationName = Release;
		};
		231996061FB291B9005CFBF8 /* Build configuration list for PBXNativeTarget "171108_CollectionCalendar" */ = {
			isa = XCConfigurationList;
			buildConfigurations = (
				231996071FB291B9005CFBF8 /* Debug */,
				231996081FB291B9005CFBF8 /* Release */,
			);
			defaultConfigurationIsVisible = 0;
			defaultConfigurationName = Release;
		};
/* End XCConfigurationList section */
	};
	rootObject = 231995EC1FB291B9005CFBF8 /* Project object */;
}
