// !$*UTF8*$!
{
	archiveVersion = 1;
	classes = {
	};
	objectVersion = 48;
	objects = {

/* Begin PBXBuildFile section */
		232126821F8EFD4C00841FAC /* AppDelegate.swift in Sources */ = {isa = PBXBuildFile; fileRef = 232126811F8EFD4C00841FAC /* AppDelegate.swift */; };
		232126841F8EFD4C00841FAC /* ViewController.swift in Sources */ = {isa = PBXBuildFile; fileRef = 232126831F8EFD4C00841FAC /* ViewController.swift */; };
		232126871F8EFD4C00841FAC /* Main.storyboard in Resources */ = {isa = PBXBuildFile; fileRef = 232126851F8EFD4C00841FAC /* Main.storyboard */; };
		232126891F8EFD4C00841FAC /* Assets.xcassets in Resources */ = {isa = PBXBuildFile; fileRef = 232126881F8EFD4C00841FAC /* Assets.xcassets */; };
		2321268C1F8EFD4C00841FAC /* LaunchScreen.storyboard in Resources */ = {isa = PBXBuildFile; fileRef = 2321268A1F8EFD4C00841FAC /* LaunchScreen.storyboard */; };
		232126961F8EFDA200841FAC /* CustomView.swift in Sources */ = {isa = PBXBuildFile; fileRef = 232126951F8EFDA200841FAC /* CustomView.swift */; };
		232126B81F8F40B400841FAC /* AutoLayout.storyboard in Resources */ = {isa = PBXBuildFile; fileRef = 232126B71F8F40B400841FAC /* AutoLayout.storyboard */; };
/* End PBXBuildFile section */

/* Begin PBXFileReference section */
		2321267E1F8EFD4C00841FAC /* 171012_Delegate.app */ = {isa = PBXFileReference; explicitFileType = wrapper.application; includeInIndex = 0; path = 171012_Delegate.app; sourceTree = BUILT_PRODUCTS_DIR; };
		232126811F8EFD4C00841FAC /* AppDelegate.swift */ = {isa = PBXFileReference; lastKnownFileType = sourcecode.swift; path = AppDelegate.swift; sourceTree = "<group>"; };
		232126831F8EFD4C00841FAC /* ViewController.swift */ = {isa = PBXFileReference; lastKnownFileType = sourcecode.swift; path = ViewController.swift; sourceTree = "<group>"; };
		232126861F8EFD4C00841FAC /* Base */ = {isa = PBXFileReference; lastKnownFileType = file.storyboard; name = Base; path = Base.lproj/Main.storyboard; sourceTree = "<group>"; };
		232126881F8EFD4C00841FAC /* Assets.xcassets */ = {isa = PBXFileReference; lastKnownFileType = folder.assetcatalog; path = Assets.xcassets; sourceTree = "<group>"; };
		2321268B1F8EFD4C00841FAC /* Base */ = {isa = PBXFileReference; lastKnownFileType = file.storyboard; name = Base; path = Base.lproj/LaunchScreen.storyboard; sourceTree = "<group>"; };
		2321268D1F8EFD4D00841FAC /* Info.plist */ = {isa = PBXFileReference; lastKnownFileType = text.plist.xml; path = Info.plist; sourceTree = "<group>"; };
		232126951F8EFDA200841FAC /* CustomView.swift */ = {isa = PBXFileReference; lastKnownFileType = sourcecode.swift; path = CustomView.swift; sourceTree = "<group>"; };
		232126971F8F116F00841FAC /* On.png */ = {isa = PBXFileReference; lastKnownFileType = image.png; path = On.png; sourceTree = "<group>"; };
		232126981F8F116F00841FAC /* Off.png */ = {isa = PBXFileReference; lastKnownFileType = image.png; path = Off.png; sourceTree = "<group>"; };
		232126B71F8F40B400841FAC /* AutoLayout.storyboard */ = {isa = PBXFileReference; lastKnownFileType = file.storyboard; path = AutoLayout.storyboard; sourceTree = "<group>"; };
/* End PBXFileReference section */

/* Begin PBXFrameworksBuildPhase section */
		2321267B1F8EFD4C00841FAC /* Frameworks */ = {
			isa = PBXFrameworksBuildPhase;
			buildActionMask = 2147483647;
			files = (
			);
			runOnlyForDeploymentPostprocessing = 0;
		};
/* End PBXFrameworksBuildPhase section */

/* Begin PBXGroup section */
		232126751F8EFD4C00841FAC = {
			isa = PBXGroup;
			children = (
				232126801F8EFD4C00841FAC /* 171012_Delegate */,
				2321267F1F8EFD4C00841FAC /* Products */,
			);
			sourceTree = "<group>";
		};
		2321267F1F8EFD4C00841FAC /* Products */ = {
			isa = PBXGroup;
			children = (
				2321267E1F8EFD4C00841FAC /* 171012_Delegate.app */,
			);
			name = Products;
			sourceTree = "<group>";
		};
		232126801F8EFD4C00841FAC /* 171012_Delegate */ = {
			isa = PBXGroup;
			children = (
				232126971F8F116F00841FAC /* On.png */,
				232126981F8F116F00841FAC /* Off.png */,
				232126811F8EFD4C00841FAC /* AppDelegate.swift */,
				232126831F8EFD4C00841FAC /* ViewController.swift */,
				232126951F8EFDA200841FAC /* CustomView.swift */,
				232126851F8EFD4C00841FAC /* Main.storyboard */,
				232126B71F8F40B400841FAC /* AutoLayout.storyboard */,
				232126881F8EFD4C00841FAC /* Assets.xcassets */,
				2321268A1F8EFD4C00841FAC /* LaunchScreen.storyboard */,
				2321268D1F8EFD4D00841FAC /* Info.plist */,
			);
			path = 171012_Delegate;
			sourceTree = "<group>";
		};
/* End PBXGroup section */

/* Begin PBXNativeTarget section */
		2321267D1F8EFD4C00841FAC /* 171012_Delegate */ = {
			isa = PBXNativeTarget;
			buildConfigurationList = 232126901F8EFD4D00841FAC /* Build configuration list for PBXNativeTarget "171012_Delegate" */;
			buildPhases = (
				2321267A1F8EFD4C00841FAC /* Sources */,
				2321267B1F8EFD4C00841FAC /* Frameworks */,
				2321267C1F8EFD4C00841FAC /* Resources */,
			);
			buildRules = (
			);
			dependencies = (
			);
			name = 171012_Delegate;
			productName = 171012_Delegate;
			productReference = 2321267E1F8EFD4C00841FAC /* 171012_Delegate.app */;
			productType = "com.apple.product-type.application";
		};
/* End PBXNativeTarget section */

/* Begin PBXProject section */
		232126761F8EFD4C00841FAC /* Project object */ = {
			isa = PBXProject;
			attributes = {
				LastSwiftUpdateCheck = 0900;
				LastUpgradeCheck = 0900;
				ORGANIZATIONNAME = SIMA;
				TargetAttributes = {
					2321267D1F8EFD4C00841FAC = {
						CreatedOnToolsVersion = 9.0;
						ProvisioningStyle = Automatic;
					};
				};
			};
			buildConfigurationList = 232126791F8EFD4C00841FAC /* Build configuration list for PBXProject "171012_Delegate" */;
			compatibilityVersion = "Xcode 8.0";
			developmentRegion = en;
			hasScannedForEncodings = 0;
			knownRegions = (
				en,
				Base,
			);
			mainGroup = 232126751F8EFD4C00841FAC;
			productRefGroup = 2321267F1F8EFD4C00841FAC /* Products */;
			projectDirPath = "";
			projectRoot = "";
			targets = (
				2321267D1F8EFD4C00841FAC /* 171012_Delegate */,
			);
		};
/* End PBXProject section */

/* Begin PBXResourcesBuildPhase section */
		2321267C1F8EFD4C00841FAC /* Resources */ = {
			isa = PBXResourcesBuildPhase;
			buildActionMask = 2147483647;
			files = (
				2321268C1F8EFD4C00841FAC /* LaunchScreen.storyboard in Resources */,
				232126891F8EFD4C00841FAC /* Assets.xcassets in Resources */,
				232126871F8EFD4C00841FAC /* Main.storyboard in Resources */,
				232126B81F8F40B400841FAC /* AutoLayout.storyboard in Resources */,
			);
			runOnlyForDeploymentPostprocessing = 0;
		};
/* End PBXResourcesBuildPhase section */

/* Begin PBXSourcesBuildPhase section */
		2321267A1F8EFD4C00841FAC /* Sources */ = {
			isa = PBXSourcesBuildPhase;
			buildActionMask = 2147483647;
			files = (
				232126961F8EFDA200841FAC /* CustomView.swift in Sources */,
				232126841F8EFD4C00841FAC /* ViewController.swift in Sources */,
				232126821F8EFD4C00841FAC /* AppDelegate.swift in Sources */,
			);
			runOnlyForDeploymentPostprocessing = 0;
		};
/* End PBXSourcesBuildPhase section */

/* Begin PBXVariantGroup section */
		232126851F8EFD4C00841FAC /* Main.storyboard */ = {
			isa = PBXVariantGroup;
			children = (
				232126861F8EFD4C00841FAC /* Base */,
			);
			name = Main.storyboard;
			sourceTree = "<group>";
		};
		2321268A1F8EFD4C00841FAC /* LaunchScreen.storyboard */ = {
			isa = PBXVariantGroup;
			children = (
				2321268B1F8EFD4C00841FAC /* Base */,
			);
			name = LaunchScreen.storyboard;
			sourceTree = "<group>";
		};
/* End PBXVariantGroup section */

/* Begin XCBuildConfiguration section */
		2321268E1F8EFD4D00841FAC /* Debug */ = {
			isa = XCBuildConfiguration;
			buildSettings = {
				ALWAYS_SEARCH_USER_PATHS = NO;
				CLANG_ANALYZER_NONNULL = YES;
				CLANG_ANALYZER_NUMBER_OBJECT_CONVERSION = YES_AGGRESSIVE;
				CLANG_CXX_LANGUAGE_STANDARD = "gnu++14";
				CLANG_CXX_LIBRARY = "libc++";
				CLANG_ENABLE_MODULES = YES;
				CLANG_ENABLE_OBJC_ARC = YES;
				CLANG_WARN_BLOCK_CAPTURE_AUTORELEASING = YES;
				CLANG_WARN_BOOL_CONVERSION = YES;
				CLANG_WARN_COMMA = YES;
				CLANG_WARN_CONSTANT_CONVERSION = YES;
				CLANG_WARN_DIRECT_OBJC_ISA_USAGE = YES_ERROR;
				CLANG_WARN_DOCUMENTATION_COMMENTS = YES;
				CLANG_WARN_EMPTY_BODY = YES;
				CLANG_WARN_ENUM_CONVERSION = YES;
				CLANG_WARN_INFINITE_RECURSION = YES;
				CLANG_WARN_INT_CONVERSION = YES;
				CLANG_WARN_NON_LITERAL_NULL_CONVERSION = YES;
				CLANG_WARN_OBJC_LITERAL_CONVERSION = YES;
				CLANG_WARN_OBJC_ROOT_CLASS = YES_ERROR;
				CLANG_WARN_RANGE_LOOP_ANALYSIS = YES;
				CLANG_WARN_STRICT_PROTOTYPES = YES;
				CLANG_WARN_SUSPICIOUS_MOVE = YES;
				CLANG_WARN_UNGUARDED_AVAILABILITY = YES_AGGRESSIVE;
				CLANG_WARN_UNREACHABLE_CODE = YES;
				CLANG_WARN__DUPLICATE_METHOD_MATCH = YES;
				CODE_SIGN_IDENTITY = "iPhone Developer";
				COPY_PHASE_STRIP = NO;
				DEBUG_INFORMATION_FORMAT = dwarf;
				ENABLE_STRICT_OBJC_MSGSEND = YES;
				ENABLE_TESTABILITY = YES;
				GCC_C_LANGUAGE_STANDARD = gnu11;
				GCC_DYNAMIC_NO_PIC = NO;
				GCC_NO_COMMON_BLOCKS = YES;
				GCC_OPTIMIZATION_LEVEL = 0;
				GCC_PREPROCESSOR_DEFINITIONS = (
					"DEBUG=1",
					"$(inherited)",
				);
				GCC_WARN_64_TO_32_BIT_CONVERSION = YES;
				GCC_WARN_ABOUT_RETURN_TYPE = YES_ERROR;
				GCC_WARN_UNDECLARED_SELECTOR = YES;
				GCC_WARN_UNINITIALIZED_AUTOS = YES_AGGRESSIVE;
				GCC_WARN_UNUSED_FUNCTION = YES;
				GCC_WARN_UNUSED_VARIABLE = YES;
				IPHONEOS_DEPLOYMENT_TARGET = 11.0;
				MTL_ENABLE_DEBUG_INFO = YES;
				ONLY_ACTIVE_ARCH = YES;
				SDKROOT = iphoneos;
				SWIFT_ACTIVE_COMPILATION_CONDITIONS = DEBUG;
				SWIFT_OPTIMIZATION_LEVEL = "-Onone";
			};
			name = Debug;
		};
		2321268F1F8EFD4D00841FAC /* Release */ = {
			isa = XCBuildConfiguration;
			buildSettings = {
				ALWAYS_SEARCH_USER_PATHS = NO;
				CLANG_ANALYZER_NONNULL = YES;
				CLANG_ANALYZER_NUMBER_OBJECT_CONVERSION = YES_AGGRESSIVE;
				CLANG_CXX_LANGUAGE_STANDARD = "gnu++14";
				CLANG_CXX_LIBRARY = "libc++";
				CLANG_ENABLE_MODULES = YES;
				CLANG_ENABLE_OBJC_ARC = YES;
				CLANG_WARN_BLOCK_CAPTURE_AUTORELEASING = YES;
				CLANG_WARN_BOOL_CONVERSION = YES;
				CLANG_WARN_COMMA = YES;
				CLANG_WARN_CONSTANT_CONVERSION = YES;
				CLANG_WARN_DIRECT_OBJC_ISA_USAGE = YES_ERROR;
				CLANG_WARN_DOCUMENTATION_COMMENTS = YES;
				CLANG_WARN_EMPTY_BODY = YES;
				CLANG_WARN_ENUM_CONVERSION = YES;
				CLANG_WARN_INFINITE_RECURSION = YES;
				CLANG_WARN_INT_CONVERSION = YES;
				CLANG_WARN_NON_LITERAL_NULL_CONVERSION = YES;
				CLANG_WARN_OBJC_LITERAL_CONVERSION = YES;
				CLANG_WARN_OBJC_ROOT_CLASS = YES_ERROR;
				CLANG_WARN_RANGE_LOOP_ANALYSIS = YES;
				CLANG_WARN_STRICT_PROTOTYPES = YES;
				CLANG_WARN_SUSPICIOUS_MOVE = YES;
				CLANG_WARN_UNGUARDED_AVAILABILITY = YES_AGGRESSIVE;
				CLANG_WARN_UNREACHABLE_CODE = YES;
				CLANG_WARN__DUPLICATE_METHOD_MATCH = YES;
				CODE_SIGN_IDENTITY = "iPhone Developer";
				COPY_PHASE_STRIP = NO;
				DEBUG_INFORMATION_FORMAT = "dwarf-with-dsym";
				ENABLE_NS_ASSERTIONS = NO;
				ENABLE_STRICT_OBJC_MSGSEND = YES;
				GCC_C_LANGUAGE_STANDARD = gnu11;
				GCC_NO_COMMON_BLOCKS = YES;
				GCC_WARN_64_TO_32_BIT_CONVERSION = YES;
				GCC_WARN_ABOUT_RETURN_TYPE = YES_ERROR;
				GCC_WARN_UNDECLARED_SELECTOR = YES;
				GCC_WARN_UNINITIALIZED_AUTOS = YES_AGGRESSIVE;
				GCC_WARN_UNUSED_FUNCTION = YES;
				GCC_WARN_UNUSED_VARIABLE = YES;
				IPHONEOS_DEPLOYMENT_TARGET = 11.0;
				MTL_ENABLE_DEBUG_INFO = NO;
				SDKROOT = iphoneos;
				SWIFT_OPTIMIZATION_LEVEL = "-Owholemodule";
				VALIDATE_PRODUCT = YES;
			};
			name = Release;
		};
		232126911F8EFD4D00841FAC /* Debug */ = {
			isa = XCBuildConfiguration;
			buildSettings = {
				ASSETCATALOG_COMPILER_APPICON_NAME = AppIcon;
				CODE_SIGN_STYLE = Automatic;
				INFOPLIST_FILE = 171012_Delegate/Info.plist;
				LD_RUNPATH_SEARCH_PATHS = "$(inherited) @executable_path/Frameworks";
				PRODUCT_BUNDLE_IDENTIFIER = "com.SIMA.-71012-Delegate";
				PRODUCT_NAME = "$(TARGET_NAME)";
				SWIFT_VERSION = 4.0;
				TARGETED_DEVICE_FAMILY = "1,2";
			};
			name = Debug;
		};
		232126921F8EFD4D00841FAC /* Release */ = {
			isa = XCBuildConfiguration;
			buildSettings = {
				ASSETCATALOG_COMPILER_APPICON_NAME = AppIcon;
				CODE_SIGN_STYLE = Automatic;
				INFOPLIST_FILE = 171012_Delegate/Info.plist;
				LD_RUNPATH_SEARCH_PATHS = "$(inherited) @executable_path/Frameworks";
				PRODUCT_BUNDLE_IDENTIFIER = "com.SIMA.-71012-Delegate";
				PRODUCT_NAME = "$(TARGET_NAME)";
				SWIFT_VERSION = 4.0;
				TARGETED_DEVICE_FAMILY = "1,2";
			};
			name = Release;
		};
/* End XCBuildConfiguration section */

/* Begin XCConfigurationList section */
		232126791F8EFD4C00841FAC /* Build configuration list for PBXProject "171012_Delegate" */ = {
			isa = XCConfigurationList;
			buildConfigurations = (
				2321268E1F8EFD4D00841FAC /* Debug */,
				2321268F1F8EFD4D00841FAC /* Release */,
			);
			defaultConfigurationIsVisible = 0;
			defaultConfigurationName = Release;
		};
		232126901F8EFD4D00841FAC /* Build configuration list for PBXNativeTarget "171012_Delegate" */ = {
			isa = XCConfigurationList;
			buildConfigurations = (
				232126911F8EFD4D00841FAC /* Debug */,
				232126921F8EFD4D00841FAC /* Release */,
			);
			defaultConfigurationIsVisible = 0;
			defaultConfigurationName = Release;
		};
/* End XCConfigurationList section */
	};
	rootObject = 232126761F8EFD4C00841FAC /* Project object */;
}
