// !$*UTF8*$!
{
	archiveVersion = 1;
	classes = {
	};
	objectVersion = 48;
	objects = {

/* Begin PBXBuildFile section */
		2316C6241FACC536003A6B4F /* GoogleService-Info.plist in Resources */ = {isa = PBXBuildFile; fileRef = 2316C6231FACC536003A6B4F /* GoogleService-Info.plist */; };
		23181FCA1FAC5AD100E0B034 /* AppDelegate.swift in Sources */ = {isa = PBXBuildFile; fileRef = 23181FC91FAC5AD000E0B034 /* AppDelegate.swift */; };
		23181FCC1FAC5AD100E0B034 /* ViewController.swift in Sources */ = {isa = PBXBuildFile; fileRef = 23181FCB1FAC5AD100E0B034 /* ViewController.swift */; };
		23181FCF1FAC5AD100E0B034 /* Main.storyboard in Resources */ = {isa = PBXBuildFile; fileRef = 23181FCD1FAC5AD100E0B034 /* Main.storyboard */; };
		23181FD11FAC5AD100E0B034 /* Assets.xcassets in Resources */ = {isa = PBXBuildFile; fileRef = 23181FD01FAC5AD100E0B034 /* Assets.xcassets */; };
		23181FD41FAC5AD100E0B034 /* LaunchScreen.storyboard in Resources */ = {isa = PBXBuildFile; fileRef = 23181FD21FAC5AD100E0B034 /* LaunchScreen.storyboard */; };
		23266C141FB018FF0094727D /* MapViewController.swift in Sources */ = {isa = PBXBuildFile; fileRef = 23266C131FB018FF0094727D /* MapViewController.swift */; };
		2347BB691FCC158600CBCE5C /* CalendarViewController.swift in Sources */ = {isa = PBXBuildFile; fileRef = 2347BB681FCC158600CBCE5C /* CalendarViewController.swift */; };
		2347BB6C1FCC172600CBCE5C /* CVCalendar.framework in Frameworks */ = {isa = PBXBuildFile; fileRef = 2347BB6D1FCC172600CBCE5C /* CVCalendar.framework */; };
		2347BB6E1FCC19DD00CBCE5C /* FSCalendar.framework in Frameworks */ = {isa = PBXBuildFile; fileRef = 2347BB6F1FCC19DD00CBCE5C /* FSCalendar.framework */; };
		2347BB711FCC1F5700CBCE5C /* KakaoOpenSDK.framework in Frameworks */ = {isa = PBXBuildFile; fileRef = 2347BB701FCC1F5600CBCE5C /* KakaoOpenSDK.framework */; };
		FED362B1F20B9C6DEF91D914 /* Pods_LoginTest.framework in Frameworks */ = {isa = PBXBuildFile; fileRef = 661EEC6C13E93B5459E057EA /* Pods_LoginTest.framework */; };
/* End PBXBuildFile section */

/* Begin PBXFileReference section */
		2316C6231FACC536003A6B4F /* GoogleService-Info.plist */ = {isa = PBXFileReference; fileEncoding = 4; lastKnownFileType = text.plist.xml; path = "GoogleService-Info.plist"; sourceTree = "<group>"; };
		23181FC61FAC5AD000E0B034 /* LoginTest.app */ = {isa = PBXFileReference; explicitFileType = wrapper.application; includeInIndex = 0; path = LoginTest.app; sourceTree = BUILT_PRODUCTS_DIR; };
		23181FC91FAC5AD000E0B034 /* AppDelegate.swift */ = {isa = PBXFileReference; lastKnownFileType = sourcecode.swift; path = AppDelegate.swift; sourceTree = "<group>"; };
		23181FCB1FAC5AD100E0B034 /* ViewController.swift */ = {isa = PBXFileReference; lastKnownFileType = sourcecode.swift; path = ViewController.swift; sourceTree = "<group>"; };
		23181FCE1FAC5AD100E0B034 /* Base */ = {isa = PBXFileReference; lastKnownFileType = file.storyboard; name = Base; path = Base.lproj/Main.storyboard; sourceTree = "<group>"; };
		23181FD01FAC5AD100E0B034 /* Assets.xcassets */ = {isa = PBXFileReference; lastKnownFileType = folder.assetcatalog; path = Assets.xcassets; sourceTree = "<group>"; };
		23181FD31FAC5AD100E0B034 /* Base */ = {isa = PBXFileReference; lastKnownFileType = file.storyboard; name = Base; path = Base.lproj/LaunchScreen.storyboard; sourceTree = "<group>"; };
		23181FD51FAC5AD100E0B034 /* Info.plist */ = {isa = PBXFileReference; lastKnownFileType = text.plist.xml; path = Info.plist; sourceTree = "<group>"; };
		23266C131FB018FF0094727D /* MapViewController.swift */ = {isa = PBXFileReference; lastKnownFileType = sourcecode.swift; path = MapViewController.swift; sourceTree = "<group>"; };
		2347BB681FCC158600CBCE5C /* CalendarViewController.swift */ = {isa = PBXFileReference; lastKnownFileType = sourcecode.swift; path = CalendarViewController.swift; sourceTree = "<group>"; };
		2347BB6B1FCC161100CBCE5C /* CVCalendar.framework */ = {isa = PBXFileReference; explicitFileType = wrapper.framework; path = CVCalendar.framework; sourceTree = BUILT_PRODUCTS_DIR; };
		2347BB6D1FCC172600CBCE5C /* CVCalendar.framework */ = {isa = PBXFileReference; explicitFileType = wrapper.framework; path = CVCalendar.framework; sourceTree = BUILT_PRODUCTS_DIR; };
		2347BB6F1FCC19DD00CBCE5C /* FSCalendar.framework */ = {isa = PBXFileReference; explicitFileType = wrapper.framework; path = FSCalendar.framework; sourceTree = BUILT_PRODUCTS_DIR; };
		2347BB701FCC1F5600CBCE5C /* KakaoOpenSDK.framework */ = {isa = PBXFileReference; lastKnownFileType = wrapper.framework; path = KakaoOpenSDK.framework; sourceTree = "<group>"; };
		2347BB721FCC24DF00CBCE5C /* Briging-Header.h */ = {isa = PBXFileReference; lastKnownFileType = sourcecode.c.h; path = "Briging-Header.h"; sourceTree = "<group>"; };
		661EEC6C13E93B5459E057EA /* Pods_LoginTest.framework */ = {isa = PBXFileReference; explicitFileType = wrapper.framework; includeInIndex = 0; path = Pods_LoginTest.framework; sourceTree = BUILT_PRODUCTS_DIR; };
		69982D01B693A98F762B525E /* Pods-LoginTest.debug.xcconfig */ = {isa = PBXFileReference; includeInIndex = 1; lastKnownFileType = text.xcconfig; name = "Pods-LoginTest.debug.xcconfig"; path = "Pods/Target Support Files/Pods-LoginTest/Pods-LoginTest.debug.xcconfig"; sourceTree = "<group>"; };
		756BC38EDB918E231631D746 /* Pods-LoginTest.release.xcconfig */ = {isa = PBXFileReference; includeInIndex = 1; lastKnownFileType = text.xcconfig; name = "Pods-LoginTest.release.xcconfig"; path = "Pods/Target Support Files/Pods-LoginTest/Pods-LoginTest.release.xcconfig"; sourceTree = "<group>"; };
/* End PBXFileReference section */

/* Begin PBXFrameworksBuildPhase section */
		23181FC31FAC5AD000E0B034 /* Frameworks */ = {
			isa = PBXFrameworksBuildPhase;
			buildActionMask = 2147483647;
			files = (
				2347BB6E1FCC19DD00CBCE5C /* FSCalendar.framework in Frameworks */,
				2347BB711FCC1F5700CBCE5C /* KakaoOpenSDK.framework in Frameworks */,
				2347BB6C1FCC172600CBCE5C /* CVCalendar.framework in Frameworks */,
				FED362B1F20B9C6DEF91D914 /* Pods_LoginTest.framework in Frameworks */,
			);
			runOnlyForDeploymentPostprocessing = 0;
		};
/* End PBXFrameworksBuildPhase section */

/* Begin PBXGroup section */
		23181FBD1FAC5AD000E0B034 = {
			isa = PBXGroup;
			children = (
				23181FC81FAC5AD000E0B034 /* LoginTest */,
				23181FC71FAC5AD000E0B034 /* Products */,
				45122F823A43755CBB11F66D /* Pods */,
				6A296B73F191F1AA26EC0B98 /* Frameworks */,
			);
			sourceTree = "<group>";
		};
		23181FC71FAC5AD000E0B034 /* Products */ = {
			isa = PBXGroup;
			children = (
				23181FC61FAC5AD000E0B034 /* LoginTest.app */,
			);
			name = Products;
			sourceTree = "<group>";
		};
		23181FC81FAC5AD000E0B034 /* LoginTest */ = {
			isa = PBXGroup;
			children = (
				23181FC91FAC5AD000E0B034 /* AppDelegate.swift */,
				23181FCB1FAC5AD100E0B034 /* ViewController.swift */,
				23266C131FB018FF0094727D /* MapViewController.swift */,
				2347BB681FCC158600CBCE5C /* CalendarViewController.swift */,
				23181FCD1FAC5AD100E0B034 /* Main.storyboard */,
				23181FD01FAC5AD100E0B034 /* Assets.xcassets */,
				23181FD21FAC5AD100E0B034 /* LaunchScreen.storyboard */,
				23181FD51FAC5AD100E0B034 /* Info.plist */,
				2316C6231FACC536003A6B4F /* GoogleService-Info.plist */,
				2347BB721FCC24DF00CBCE5C /* Briging-Header.h */,
			);
			path = LoginTest;
			sourceTree = "<group>";
		};
		45122F823A43755CBB11F66D /* Pods */ = {
			isa = PBXGroup;
			children = (
				69982D01B693A98F762B525E /* Pods-LoginTest.debug.xcconfig */,
				756BC38EDB918E231631D746 /* Pods-LoginTest.release.xcconfig */,
			);
			name = Pods;
			sourceTree = "<group>";
		};
		6A296B73F191F1AA26EC0B98 /* Frameworks */ = {
			isa = PBXGroup;
			children = (
				2347BB6F1FCC19DD00CBCE5C /* FSCalendar.framework */,
				2347BB6D1FCC172600CBCE5C /* CVCalendar.framework */,
				2347BB6B1FCC161100CBCE5C /* CVCalendar.framework */,
				661EEC6C13E93B5459E057EA /* Pods_LoginTest.framework */,
				2347BB701FCC1F5600CBCE5C /* KakaoOpenSDK.framework */,
			);
			name = Frameworks;
			sourceTree = "<group>";
		};
/* End PBXGroup section */

/* Begin PBXNativeTarget section */
		23181FC51FAC5AD000E0B034 /* LoginTest */ = {
			isa = PBXNativeTarget;
			buildConfigurationList = 23181FD81FAC5AD100E0B034 /* Build configuration list for PBXNativeTarget "LoginTest" */;
			buildPhases = (
				7E2AF780AF8E2B8AE23C3433 /* [CP] Check Pods Manifest.lock */,
				23181FC21FAC5AD000E0B034 /* Sources */,
				23181FC31FAC5AD000E0B034 /* Frameworks */,
				23181FC41FAC5AD000E0B034 /* Resources */,
				45BBAF0D67E40439D7BCAC06 /* [CP] Embed Pods Frameworks */,
				8DF249B85AAE62EE16BC3FEC /* [CP] Copy Pods Resources */,
			);
			buildRules = (
			);
			dependencies = (
			);
			name = LoginTest;
			productName = LoginTest;
			productReference = 23181FC61FAC5AD000E0B034 /* LoginTest.app */;
			productType = "com.apple.product-type.application";
		};
/* End PBXNativeTarget section */

/* Begin PBXProject section */
		23181FBE1FAC5AD000E0B034 /* Project object */ = {
			isa = PBXProject;
			attributes = {
				LastSwiftUpdateCheck = 0910;
				LastUpgradeCheck = 0910;
				ORGANIZATIONNAME = SimaDev;
				TargetAttributes = {
					23181FC51FAC5AD000E0B034 = {
						CreatedOnToolsVersion = 9.1;
						ProvisioningStyle = Automatic;
					};
				};
			};
			buildConfigurationList = 23181FC11FAC5AD000E0B034 /* Build configuration list for PBXProject "LoginTest" */;
			compatibilityVersion = "Xcode 8.0";
			developmentRegion = en;
			hasScannedForEncodings = 0;
			knownRegions = (
				en,
				Base,
			);
			mainGroup = 23181FBD1FAC5AD000E0B034;
			productRefGroup = 23181FC71FAC5AD000E0B034 /* Products */;
			projectDirPath = "";
			projectRoot = "";
			targets = (
				23181FC51FAC5AD000E0B034 /* LoginTest */,
			);
		};
/* End PBXProject section */

/* Begin PBXResourcesBuildPhase section */
		23181FC41FAC5AD000E0B034 /* Resources */ = {
			isa = PBXResourcesBuildPhase;
			buildActionMask = 2147483647;
			files = (
				23181FD41FAC5AD100E0B034 /* LaunchScreen.storyboard in Resources */,
				2316C6241FACC536003A6B4F /* GoogleService-Info.plist in Resources */,
				23181FD11FAC5AD100E0B034 /* Assets.xcassets in Resources */,
				23181FCF1FAC5AD100E0B034 /* Main.storyboard in Resources */,
			);
			runOnlyForDeploymentPostprocessing = 0;
		};
/* End PBXResourcesBuildPhase section */

/* Begin PBXShellScriptBuildPhase section */
		45BBAF0D67E40439D7BCAC06 /* [CP] Embed Pods Frameworks */ = {
			isa = PBXShellScriptBuildPhase;
			buildActionMask = 2147483647;
			files = (
			);
			inputPaths = (
				"${SRCROOT}/Pods/Target Support Files/Pods-LoginTest/Pods-LoginTest-frameworks.sh",
				"${BUILT_PRODUCTS_DIR}/Bolts/Bolts.framework",
				"${BUILT_PRODUCTS_DIR}/CVCalendar/CVCalendar.framework",
				"${BUILT_PRODUCTS_DIR}/FBSDKCoreKit/FBSDKCoreKit.framework",
				"${BUILT_PRODUCTS_DIR}/FBSDKLoginKit/FBSDKLoginKit.framework",
				"${BUILT_PRODUCTS_DIR}/FBSDKShareKit/FBSDKShareKit.framework",
				"${BUILT_PRODUCTS_DIR}/FSCalendar/FSCalendar.framework",
				"${BUILT_PRODUCTS_DIR}/GTMSessionFetcher/GTMSessionFetcher.framework",
				"${BUILT_PRODUCTS_DIR}/GoogleToolboxForMac/GoogleToolboxForMac.framework",
				"${BUILT_PRODUCTS_DIR}/nanopb/nanopb.framework",
			);
			name = "[CP] Embed Pods Frameworks";
			outputPaths = (
				"${TARGET_BUILD_DIR}/${FRAMEWORKS_FOLDER_PATH}/Bolts.framework",
				"${TARGET_BUILD_DIR}/${FRAMEWORKS_FOLDER_PATH}/CVCalendar.framework",
				"${TARGET_BUILD_DIR}/${FRAMEWORKS_FOLDER_PATH}/FBSDKCoreKit.framework",
				"${TARGET_BUILD_DIR}/${FRAMEWORKS_FOLDER_PATH}/FBSDKLoginKit.framework",
				"${TARGET_BUILD_DIR}/${FRAMEWORKS_FOLDER_PATH}/FBSDKShareKit.framework",
				"${TARGET_BUILD_DIR}/${FRAMEWORKS_FOLDER_PATH}/FSCalendar.framework",
				"${TARGET_BUILD_DIR}/${FRAMEWORKS_FOLDER_PATH}/GTMSessionFetcher.framework",
				"${TARGET_BUILD_DIR}/${FRAMEWORKS_FOLDER_PATH}/GoogleToolboxForMac.framework",
				"${TARGET_BUILD_DIR}/${FRAMEWORKS_FOLDER_PATH}/nanopb.framework",
			);
			runOnlyForDeploymentPostprocessing = 0;
			shellPath = /bin/sh;
			shellScript = "\"${SRCROOT}/Pods/Target Support Files/Pods-LoginTest/Pods-LoginTest-frameworks.sh\"\n";
			showEnvVarsInLog = 0;
		};
		7E2AF780AF8E2B8AE23C3433 /* [CP] Check Pods Manifest.lock */ = {
			isa = PBXShellScriptBuildPhase;
			buildActionMask = 2147483647;
			files = (
			);
			inputPaths = (
				"${PODS_PODFILE_DIR_PATH}/Podfile.lock",
				"${PODS_ROOT}/Manifest.lock",
			);
			name = "[CP] Check Pods Manifest.lock";
			outputPaths = (
				"$(DERIVED_FILE_DIR)/Pods-LoginTest-checkManifestLockResult.txt",
			);
			runOnlyForDeploymentPostprocessing = 0;
			shellPath = /bin/sh;
			shellScript = "diff \"${PODS_PODFILE_DIR_PATH}/Podfile.lock\" \"${PODS_ROOT}/Manifest.lock\" > /dev/null\nif [ $? != 0 ] ; then\n    # print error to STDERR\n    echo \"error: The sandbox is not in sync with the Podfile.lock. Run 'pod install' or update your CocoaPods installation.\" >&2\n    exit 1\nfi\n# This output is used by Xcode 'outputs' to avoid re-running this script phase.\necho \"SUCCESS\" > \"${SCRIPT_OUTPUT_FILE_0}\"\n";
			showEnvVarsInLog = 0;
		};
		8DF249B85AAE62EE16BC3FEC /* [CP] Copy Pods Resources */ = {
			isa = PBXShellScriptBuildPhase;
			buildActionMask = 2147483647;
			files = (
			);
			inputPaths = (
				"${SRCROOT}/Pods/Target Support Files/Pods-LoginTest/Pods-LoginTest-resources.sh",
				"${PODS_ROOT}/GoogleMaps/Maps/Frameworks/GoogleMaps.framework/Resources/GoogleMaps.bundle",
				"${PODS_ROOT}/GooglePlaces/Frameworks/GooglePlaces.framework/Resources/GooglePlaces.bundle",
			);
			name = "[CP] Copy Pods Resources";
			outputPaths = (
				"${TARGET_BUILD_DIR}/${UNLOCALIZED_RESOURCES_FOLDER_PATH}",
			);
			runOnlyForDeploymentPostprocessing = 0;
			shellPath = /bin/sh;
			shellScript = "\"${SRCROOT}/Pods/Target Support Files/Pods-LoginTest/Pods-LoginTest-resources.sh\"\n";
			showEnvVarsInLog = 0;
		};
/* End PBXShellScriptBuildPhase section */

/* Begin PBXSourcesBuildPhase section */
		23181FC21FAC5AD000E0B034 /* Sources */ = {
			isa = PBXSourcesBuildPhase;
			buildActionMask = 2147483647;
			files = (
				2347BB691FCC158600CBCE5C /* CalendarViewController.swift in Sources */,
				23181FCC1FAC5AD100E0B034 /* ViewController.swift in Sources */,
				23266C141FB018FF0094727D /* MapViewController.swift in Sources */,
				23181FCA1FAC5AD100E0B034 /* AppDelegate.swift in Sources */,
			);
			runOnlyForDeploymentPostprocessing = 0;
		};
/* End PBXSourcesBuildPhase section */

/* Begin PBXVariantGroup section */
		23181FCD1FAC5AD100E0B034 /* Main.storyboard */ = {
			isa = PBXVariantGroup;
			children = (
				23181FCE1FAC5AD100E0B034 /* Base */,
			);
			name = Main.storyboard;
			sourceTree = "<group>";
		};
		23181FD21FAC5AD100E0B034 /* LaunchScreen.storyboard */ = {
			isa = PBXVariantGroup;
			children = (
				23181FD31FAC5AD100E0B034 /* Base */,
			);
			name = LaunchScreen.storyboard;
			sourceTree = "<group>";
		};
/* End PBXVariantGroup section */

/* Begin XCBuildConfiguration section */
		23181FD61FAC5AD100E0B034 /* Debug */ = {
			isa = XCBuildConfiguration;
			buildSettings = {
				ALWAYS_SEARCH_USER_PATHS = NO;
				CLANG_ANALYZER_NONNULL = YES;
				CLANG_ANALYZER_NUMBER_OBJECT_CONVERSION = YES_AGGRESSIVE;
				CLANG_CXX_LANGUAGE_STANDARD = "gnu++14";
				CLANG_CXX_LIBRARY = "libc++";
				CLANG_ENABLE_MODULES = YES;
				CLANG_ENABLE_OBJC_ARC = YES;
				CLANG_WARN_BLOCK_CAPTURE_AUTORELEASING = YES;
				CLANG_WARN_BOOL_CONVERSION = YES;
				CLANG_WARN_COMMA = YES;
				CLANG_WARN_CONSTANT_CONVERSION = YES;
				CLANG_WARN_DIRECT_OBJC_ISA_USAGE = YES_ERROR;
				CLANG_WARN_DOCUMENTATION_COMMENTS = YES;
				CLANG_WARN_EMPTY_BODY = YES;
				CLANG_WARN_ENUM_CONVERSION = YES;
				CLANG_WARN_INFINITE_RECURSION = YES;
				CLANG_WARN_INT_CONVERSION = YES;
				CLANG_WARN_NON_LITERAL_NULL_CONVERSION = YES;
				CLANG_WARN_OBJC_LITERAL_CONVERSION = YES;
				CLANG_WARN_OBJC_ROOT_CLASS = YES_ERROR;
				CLANG_WARN_RANGE_LOOP_ANALYSIS = YES;
				CLANG_WARN_STRICT_PROTOTYPES = YES;
				CLANG_WARN_SUSPICIOUS_MOVE = YES;
				CLANG_WARN_UNGUARDED_AVAILABILITY = YES_AGGRESSIVE;
				CLANG_WARN_UNREACHABLE_CODE = YES;
				CLANG_WARN__DUPLICATE_METHOD_MATCH = YES;
				CODE_SIGN_IDENTITY = "iPhone Developer";
				COPY_PHASE_STRIP = NO;
				DEBUG_INFORMATION_FORMAT = dwarf;
				ENABLE_STRICT_OBJC_MSGSEND = YES;
				ENABLE_TESTABILITY = YES;
				GCC_C_LANGUAGE_STANDARD = gnu11;
				GCC_DYNAMIC_NO_PIC = NO;
				GCC_NO_COMMON_BLOCKS = YES;
				GCC_OPTIMIZATION_LEVEL = 0;
				GCC_PREPROCESSOR_DEFINITIONS = (
					"DEBUG=1",
					"$(inherited)",
				);
				GCC_WARN_64_TO_32_BIT_CONVERSION = YES;
				GCC_WARN_ABOUT_RETURN_TYPE = YES_ERROR;
				GCC_WARN_UNDECLARED_SELECTOR = YES;
				GCC_WARN_UNINITIALIZED_AUTOS = YES_AGGRESSIVE;
				GCC_WARN_UNUSED_FUNCTION = YES;
				GCC_WARN_UNUSED_VARIABLE = YES;
				IPHONEOS_DEPLOYMENT_TARGET = 11.1;
				MTL_ENABLE_DEBUG_INFO = YES;
				ONLY_ACTIVE_ARCH = YES;
				SDKROOT = iphoneos;
				SWIFT_ACTIVE_COMPILATION_CONDITIONS = DEBUG;
				SWIFT_OPTIMIZATION_LEVEL = "-Onone";
			};
			name = Debug;
		};
		23181FD71FAC5AD100E0B034 /* Release */ = {
			isa = XCBuildConfiguration;
			buildSettings = {
				ALWAYS_SEARCH_USER_PATHS = NO;
				CLANG_ANALYZER_NONNULL = YES;
				CLANG_ANALYZER_NUMBER_OBJECT_CONVERSION = YES_AGGRESSIVE;
				CLANG_CXX_LANGUAGE_STANDARD = "gnu++14";
				CLANG_CXX_LIBRARY = "libc++";
				CLANG_ENABLE_MODULES = YES;
				CLANG_ENABLE_OBJC_ARC = YES;
				CLANG_WARN_BLOCK_CAPTURE_AUTORELEASING = YES;
				CLANG_WARN_BOOL_CONVERSION = YES;
				CLANG_WARN_COMMA = YES;
				CLANG_WARN_CONSTANT_CONVERSION = YES;
				CLANG_WARN_DIRECT_OBJC_ISA_USAGE = YES_ERROR;
				CLANG_WARN_DOCUMENTATION_COMMENTS = YES;
				CLANG_WARN_EMPTY_BODY = YES;
				CLANG_WARN_ENUM_CONVERSION = YES;
				CLANG_WARN_INFINITE_RECURSION = YES;
				CLANG_WARN_INT_CONVERSION = YES;
				CLANG_WARN_NON_LITERAL_NULL_CONVERSION = YES;
				CLANG_WARN_OBJC_LITERAL_CONVERSION = YES;
				CLANG_WARN_OBJC_ROOT_CLASS = YES_ERROR;
				CLANG_WARN_RANGE_LOOP_ANALYSIS = YES;
				CLANG_WARN_STRICT_PROTOTYPES = YES;
				CLANG_WARN_SUSPICIOUS_MOVE = YES;
				CLANG_WARN_UNGUARDED_AVAILABILITY = YES_AGGRESSIVE;
				CLANG_WARN_UNREACHABLE_CODE = YES;
				CLANG_WARN__DUPLICATE_METHOD_MATCH = YES;
				CODE_SIGN_IDENTITY = "iPhone Developer";
				COPY_PHASE_STRIP = NO;
				DEBUG_INFORMATION_FORMAT = "dwarf-with-dsym";
				ENABLE_NS_ASSERTIONS = NO;
				ENABLE_STRICT_OBJC_MSGSEND = YES;
				GCC_C_LANGUAGE_STANDARD = gnu11;
				GCC_NO_COMMON_BLOCKS = YES;
				GCC_WARN_64_TO_32_BIT_CONVERSION = YES;
				GCC_WARN_ABOUT_RETURN_TYPE = YES_ERROR;
				GCC_WARN_UNDECLARED_SELECTOR = YES;
				GCC_WARN_UNINITIALIZED_AUTOS = YES_AGGRESSIVE;
				GCC_WARN_UNUSED_FUNCTION = YES;
				GCC_WARN_UNUSED_VARIABLE = YES;
				IPHONEOS_DEPLOYMENT_TARGET = 11.1;
				MTL_ENABLE_DEBUG_INFO = NO;
				SDKROOT = iphoneos;
				SWIFT_OPTIMIZATION_LEVEL = "-Owholemodule";
				VALIDATE_PRODUCT = YES;
			};
			name = Release;
		};
		23181FD91FAC5AD100E0B034 /* Debug */ = {
			isa = XCBuildConfiguration;
			baseConfigurationReference = 69982D01B693A98F762B525E /* Pods-LoginTest.debug.xcconfig */;
			buildSettings = {
				ASSETCATALOG_COMPILER_APPICON_NAME = AppIcon;
				CODE_SIGN_STYLE = Automatic;
				DEVELOPMENT_TEAM = G4MM77V7NH;
				FRAMEWORK_SEARCH_PATHS = (
					"$(inherited)",
					"$(PROJECT_DIR)",
				);
				INFOPLIST_FILE = LoginTest/Info.plist;
				IPHONEOS_DEPLOYMENT_TARGET = 11.1;
				LD_RUNPATH_SEARCH_PATHS = "$(inherited) @executable_path/Frameworks";
				PRODUCT_BUNDLE_IDENTIFIER = com.SimaDev.LoginTest;
				PRODUCT_NAME = "$(TARGET_NAME)";
				SWIFT_OBJC_BRIDGING_HEADER = "./LoginTest/Briging-Header.h";
				SWIFT_VERSION = 4.0;
				TARGETED_DEVICE_FAMILY = 1;
			};
			name = Debug;
		};
		23181FDA1FAC5AD100E0B034 /* Release */ = {
			isa = XCBuildConfiguration;
			baseConfigurationReference = 756BC38EDB918E231631D746 /* Pods-LoginTest.release.xcconfig */;
			buildSettings = {
				ASSETCATALOG_COMPILER_APPICON_NAME = AppIcon;
				CODE_SIGN_STYLE = Automatic;
				DEVELOPMENT_TEAM = G4MM77V7NH;
				FRAMEWORK_SEARCH_PATHS = (
					"$(inherited)",
					"$(PROJECT_DIR)",
				);
				INFOPLIST_FILE = LoginTest/Info.plist;
				IPHONEOS_DEPLOYMENT_TARGET = 11.1;
				LD_RUNPATH_SEARCH_PATHS = "$(inherited) @executable_path/Frameworks";
				PRODUCT_BUNDLE_IDENTIFIER = com.SimaDev.LoginTest;
				PRODUCT_NAME = "$(TARGET_NAME)";
				SWIFT_OBJC_BRIDGING_HEADER = "./LoginTest/Briging-Header.h";
				SWIFT_VERSION = 4.0;
				TARGETED_DEVICE_FAMILY = 1;
			};
			name = Release;
		};
/* End XCBuildConfiguration section */

/* Begin XCConfigurationList section */
		23181FC11FAC5AD000E0B034 /* Build configuration list for PBXProject "LoginTest" */ = {
			isa = XCConfigurationList;
			buildConfigurations = (
				23181FD61FAC5AD100E0B034 /* Debug */,
				23181FD71FAC5AD100E0B034 /* Release */,
			);
			defaultConfigurationIsVisible = 0;
			defaultConfigurationName = Release;
		};
		23181FD81FAC5AD100E0B034 /* Build configuration list for PBXNativeTarget "LoginTest" */ = {
			isa = XCConfigurationList;
			buildConfigurations = (
				23181FD91FAC5AD100E0B034 /* Debug */,
				23181FDA1FAC5AD100E0B034 /* Release */,
			);
			defaultConfigurationIsVisible = 0;
			defaultConfigurationName = Release;
		};
/* End XCConfigurationList section */
	};
	rootObject = 23181FBE1FAC5AD000E0B034 /* Project object */;
}
