// !$*UTF8*$!
{
	archiveVersion = 1;
	classes = {
	};
	objectVersion = 46;
	objects = {

/* Begin PBXBuildFile section */
		234448041F78D70400B49AAF /* AppDelegate.swift in Sources */ = {isa = PBXBuildFile; fileRef = 234448031F78D70400B49AAF /* AppDelegate.swift */; };
		234448061F78D70400B49AAF /* ViewController.swift in Sources */ = {isa = PBXBuildFile; fileRef = 234448051F78D70400B49AAF /* ViewController.swift */; };
		234448091F78D70400B49AAF /* Main.storyboard in Resources */ = {isa = PBXBuildFile; fileRef = 234448071F78D70400B49AAF /* Main.storyboard */; };
		2344480B1F78D70400B49AAF /* Assets.xcassets in Resources */ = {isa = PBXBuildFile; fileRef = 2344480A1F78D70400B49AAF /* Assets.xcassets */; };
		2344480E1F78D70400B49AAF /* LaunchScreen.storyboard in Resources */ = {isa = PBXBuildFile; fileRef = 2344480C1F78D70400B49AAF /* LaunchScreen.storyboard */; };
/* End PBXBuildFile section */

/* Begin PBXFileReference section */
		234448001F78D70400B49AAF /* 170925_UI.app */ = {isa = PBXFileReference; explicitFileType = wrapper.application; includeInIndex = 0; path = 170925_UI.app; sourceTree = BUILT_PRODUCTS_DIR; };
		234448031F78D70400B49AAF /* AppDelegate.swift */ = {isa = PBXFileReference; lastKnownFileType = sourcecode.swift; path = AppDelegate.swift; sourceTree = "<group>"; };
		234448051F78D70400B49AAF /* ViewController.swift */ = {isa = PBXFileReference; lastKnownFileType = sourcecode.swift; path = ViewController.swift; sourceTree = "<group>"; };
		234448081F78D70400B49AAF /* Base */ = {isa = PBXFileReference; lastKnownFileType = file.storyboard; name = Base; path = Base.lproj/Main.storyboard; sourceTree = "<group>"; };
		2344480A1F78D70400B49AAF /* Assets.xcassets */ = {isa = PBXFileReference; lastKnownFileType = folder.assetcatalog; path = Assets.xcassets; sourceTree = "<group>"; };
		2344480D1F78D70400B49AAF /* Base */ = {isa = PBXFileReference; lastKnownFileType = file.storyboard; name = Base; path = Base.lproj/LaunchScreen.storyboard; sourceTree = "<group>"; };
		2344480F1F78D70400B49AAF /* Info.plist */ = {isa = PBXFileReference; lastKnownFileType = text.plist.xml; path = Info.plist; sourceTree = "<group>"; };
/* End PBXFileReference section */

/* Begin PBXFrameworksBuildPhase section */
		234447FD1F78D70400B49AAF /* Frameworks */ = {
			isa = PBXFrameworksBuildPhase;
			buildActionMask = 2147483647;
			files = (
			);
			runOnlyForDeploymentPostprocessing = 0;
		};
/* End PBXFrameworksBuildPhase section */

/* Begin PBXGroup section */
		234447F71F78D70400B49AAF = {
			isa = PBXGroup;
			children = (
				234448021F78D70400B49AAF /* 170925_UI */,
				234448011F78D70400B49AAF /* Products */,
			);
			sourceTree = "<group>";
		};
		234448011F78D70400B49AAF /* Products */ = {
			isa = PBXGroup;
			children = (
				234448001F78D70400B49AAF /* 170925_UI.app */,
			);
			name = Products;
			sourceTree = "<group>";
		};
		234448021F78D70400B49AAF /* 170925_UI */ = {
			isa = PBXGroup;
			children = (
				234448031F78D70400B49AAF /* AppDelegate.swift */,
				234448051F78D70400B49AAF /* ViewController.swift */,
				234448071F78D70400B49AAF /* Main.storyboard */,
				2344480A1F78D70400B49AAF /* Assets.xcassets */,
				2344480C1F78D70400B49AAF /* LaunchScreen.storyboard */,
				2344480F1F78D70400B49AAF /* Info.plist */,
			);
			path = 170925_UI;
			sourceTree = "<group>";
		};
/* End PBXGroup section */

/* Begin PBXNativeTarget section */
		234447FF1F78D70400B49AAF /* 170925_UI */ = {
			isa = PBXNativeTarget;
			buildConfigurationList = 234448121F78D70400B49AAF /* Build configuration list for PBXNativeTarget "170925_UI" */;
			buildPhases = (
				234447FC1F78D70400B49AAF /* Sources */,
				234447FD1F78D70400B49AAF /* Frameworks */,
				234447FE1F78D70400B49AAF /* Resources */,
			);
			buildRules = (
			);
			dependencies = (
			);
			name = 170925_UI;
			productName = 170925_UI;
			productReference = 234448001F78D70400B49AAF /* 170925_UI.app */;
			productType = "com.apple.product-type.application";
		};
/* End PBXNativeTarget section */

/* Begin PBXProject section */
		234447F81F78D70400B49AAF /* Project object */ = {
			isa = PBXProject;
			attributes = {
				LastSwiftUpdateCheck = 0830;
				LastUpgradeCheck = 0830;
				ORGANIZATIONNAME = SIMA;
				TargetAttributes = {
					234447FF1F78D70400B49AAF = {
						CreatedOnToolsVersion = 8.3.3;
						ProvisioningStyle = Automatic;
					};
				};
			};
			buildConfigurationList = 234447FB1F78D70400B49AAF /* Build configuration list for PBXProject "170925_UI" */;
			compatibilityVersion = "Xcode 3.2";
			developmentRegion = English;
			hasScannedForEncodings = 0;
			knownRegions = (
				en,
				Base,
			);
			mainGroup = 234447F71F78D70400B49AAF;
			productRefGroup = 234448011F78D70400B49AAF /* Products */;
			projectDirPath = "";
			projectRoot = "";
			targets = (
				234447FF1F78D70400B49AAF /* 170925_UI */,
			);
		};
/* End PBXProject section */

/* Begin PBXResourcesBuildPhase section */
		234447FE1F78D70400B49AAF /* Resources */ = {
			isa = PBXResourcesBuildPhase;
			buildActionMask = 2147483647;
			files = (
				2344480E1F78D70400B49AAF /* LaunchScreen.storyboard in Resources */,
				2344480B1F78D70400B49AAF /* Assets.xcassets in Resources */,
				234448091F78D70400B49AAF /* Main.storyboard in Resources */,
			);
			runOnlyForDeploymentPostprocessing = 0;
		};
/* End PBXResourcesBuildPhase section */

/* Begin PBXSourcesBuildPhase section */
		234447FC1F78D70400B49AAF /* Sources */ = {
			isa = PBXSourcesBuildPhase;
			buildActionMask = 2147483647;
			files = (
				234448061F78D70400B49AAF /* ViewController.swift in Sources */,
				234448041F78D70400B49AAF /* AppDelegate.swift in Sources */,
			);
			runOnlyForDeploymentPostprocessing = 0;
		};
/* End PBXSourcesBuildPhase section */

/* Begin PBXVariantGroup section */
		234448071F78D70400B49AAF /* Main.storyboard */ = {
			isa = PBXVariantGroup;
			children = (
				234448081F78D70400B49AAF /* Base */,
			);
			name = Main.storyboard;
			sourceTree = "<group>";
		};
		2344480C1F78D70400B49AAF /* LaunchScreen.storyboard */ = {
			isa = PBXVariantGroup;
			children = (
				2344480D1F78D70400B49AAF /* Base */,
			);
			name = LaunchScreen.storyboard;
			sourceTree = "<group>";
		};
/* End PBXVariantGroup section */

/* Begin XCBuildConfiguration section */
		234448101F78D70400B49AAF /* Debug */ = {
			isa = XCBuildConfiguration;
			buildSettings = {
				ALWAYS_SEARCH_USER_PATHS = NO;
				CLANG_ANALYZER_NONNULL = YES;
				CLANG_ANALYZER_NUMBER_OBJECT_CONVERSION = YES_AGGRESSIVE;
				CLANG_CXX_LANGUAGE_STANDARD = "gnu++0x";
				CLANG_CXX_LIBRARY = "libc++";
				CLANG_ENABLE_MODULES = YES;
				CLANG_ENABLE_OBJC_ARC = YES;
				CLANG_WARN_BOOL_CONVERSION = YES;
				CLANG_WARN_CONSTANT_CONVERSION = YES;
				CLANG_WARN_DIRECT_OBJC_ISA_USAGE = YES_ERROR;
				CLANG_WARN_DOCUMENTATION_COMMENTS = YES;
				CLANG_WARN_EMPTY_BODY = YES;
				CLANG_WARN_ENUM_CONVERSION = YES;
				CLANG_WARN_INFINITE_RECURSION = YES;
				CLANG_WARN_INT_CONVERSION = YES;
				CLANG_WARN_OBJC_ROOT_CLASS = YES_ERROR;
				CLANG_WARN_SUSPICIOUS_MOVE = YES;
				CLANG_WARN_UNREACHABLE_CODE = YES;
				CLANG_WARN__DUPLICATE_METHOD_MATCH = YES;
				"CODE_SIGN_IDENTITY[sdk=iphoneos*]" = "iPhone Developer";
				COPY_PHASE_STRIP = NO;
				DEBUG_INFORMATION_FORMAT = dwarf;
				ENABLE_STRICT_OBJC_MSGSEND = YES;
				ENABLE_TESTABILITY = YES;
				GCC_C_LANGUAGE_STANDARD = gnu99;
				GCC_DYNAMIC_NO_PIC = NO;
				GCC_NO_COMMON_BLOCKS = YES;
				GCC_OPTIMIZATION_LEVEL = 0;
				GCC_PREPROCESSOR_DEFINITIONS = (
					"DEBUG=1",
					"$(inherited)",
				);
				GCC_WARN_64_TO_32_BIT_CONVERSION = YES;
				GCC_WARN_ABOUT_RETURN_TYPE = YES_ERROR;
				GCC_WARN_UNDECLARED_SELECTOR = YES;
				GCC_WARN_UNINITIALIZED_AUTOS = YES_AGGRESSIVE;
				GCC_WARN_UNUSED_FUNCTION = YES;
				GCC_WARN_UNUSED_VARIABLE = YES;
				IPHONEOS_DEPLOYMENT_TARGET = 10.3;
				MTL_ENABLE_DEBUG_INFO = YES;
				ONLY_ACTIVE_ARCH = YES;
				SDKROOT = iphoneos;
				SWIFT_ACTIVE_COMPILATION_CONDITIONS = DEBUG;
				SWIFT_OPTIMIZATION_LEVEL = "-Onone";
			};
			name = Debug;
		};
		234448111F78D70400B49AAF /* Release */ = {
			isa = XCBuildConfiguration;
			buildSettings = {
				ALWAYS_SEARCH_USER_PATHS = NO;
				CLANG_ANALYZER_NONNULL = YES;
				CLANG_ANALYZER_NUMBER_OBJECT_CONVERSION = YES_AGGRESSIVE;
				CLANG_CXX_LANGUAGE_STANDARD = "gnu++0x";
				CLANG_CXX_LIBRARY = "libc++";
				CLANG_ENABLE_MODULES = YES;
				CLANG_ENABLE_OBJC_ARC = YES;
				CLANG_WARN_BOOL_CONVERSION = YES;
				CLANG_WARN_CONSTANT_CONVERSION = YES;
				CLANG_WARN_DIRECT_OBJC_ISA_USAGE = YES_ERROR;
				CLANG_WARN_DOCUMENTATION_COMMENTS = YES;
				CLANG_WARN_EMPTY_BODY = YES;
				CLANG_WARN_ENUM_CONVERSION = YES;
				CLANG_WARN_INFINITE_RECURSION = YES;
				CLANG_WARN_INT_CONVERSION = YES;
				CLANG_WARN_OBJC_ROOT_CLASS = YES_ERROR;
				CLANG_WARN_SUSPICIOUS_MOVE = YES;
				CLANG_WARN_UNREACHABLE_CODE = YES;
				CLANG_WARN__DUPLICATE_METHOD_MATCH = YES;
				"CODE_SIGN_IDENTITY[sdk=iphoneos*]" = "iPhone Developer";
				COPY_PHASE_STRIP = NO;
				DEBUG_INFORMATION_FORMAT = "dwarf-with-dsym";
				ENABLE_NS_ASSERTIONS = NO;
				ENABLE_STRICT_OBJC_MSGSEND = YES;
				GCC_C_LANGUAGE_STANDARD = gnu99;
				GCC_NO_COMMON_BLOCKS = YES;
				GCC_WARN_64_TO_32_BIT_CONVERSION = YES;
				GCC_WARN_ABOUT_RETURN_TYPE = YES_ERROR;
				GCC_WARN_UNDECLARED_SELECTOR = YES;
				GCC_WARN_UNINITIALIZED_AUTOS = YES_AGGRESSIVE;
				GCC_WARN_UNUSED_FUNCTION = YES;
				GCC_WARN_UNUSED_VARIABLE = YES;
				IPHONEOS_DEPLOYMENT_TARGET = 10.3;
				MTL_ENABLE_DEBUG_INFO = NO;
				SDKROOT = iphoneos;
				SWIFT_OPTIMIZATION_LEVEL = "-Owholemodule";
				VALIDATE_PRODUCT = YES;
			};
			name = Release;
		};
		234448131F78D70400B49AAF /* Debug */ = {
			isa = XCBuildConfiguration;
			buildSettings = {
				ASSETCATALOG_COMPILER_APPICON_NAME = AppIcon;
				DEVELOPMENT_TEAM = "";
				INFOPLIST_FILE = 170925_UI/Info.plist;
				LD_RUNPATH_SEARCH_PATHS = "$(inherited) @executable_path/Frameworks";
				PRODUCT_BUNDLE_IDENTIFIER = "com.SIMA.-70925-UI";
				PRODUCT_NAME = "$(TARGET_NAME)";
				SWIFT_VERSION = 3.0;
			};
			name = Debug;
		};
		234448141F78D70400B49AAF /* Release */ = {
			isa = XCBuildConfiguration;
			buildSettings = {
				ASSETCATALOG_COMPILER_APPICON_NAME = AppIcon;
				DEVELOPMENT_TEAM = "";
				INFOPLIST_FILE = 170925_UI/Info.plist;
				LD_RUNPATH_SEARCH_PATHS = "$(inherited) @executable_path/Frameworks";
				PRODUCT_BUNDLE_IDENTIFIER = "com.SIMA.-70925-UI";
				PRODUCT_NAME = "$(TARGET_NAME)";
				SWIFT_VERSION = 3.0;
			};
			name = Release;
		};
/* End XCBuildConfiguration section */

/* Begin XCConfigurationList section */
		234447FB1F78D70400B49AAF /* Build configuration list for PBXProject "170925_UI" */ = {
			isa = XCConfigurationList;
			buildConfigurations = (
				234448101F78D70400B49AAF /* Debug */,
				234448111F78D70400B49AAF /* Release */,
			);
			defaultConfigurationIsVisible = 0;
			defaultConfigurationName = Release;
		};
		234448121F78D70400B49AAF /* Build configuration list for PBXNativeTarget "170925_UI" */ = {
			isa = XCConfigurationList;
			buildConfigurations = (
				234448131F78D70400B49AAF /* Debug */,
				234448141F78D70400B49AAF /* Release */,
			);
			defaultConfigurationIsVisible = 0;
		};
/* End XCConfigurationList section */
	};
	rootObject = 234447F81F78D70400B49AAF /* Project object */;
}
