// !$*UTF8*$!
{
	archiveVersion = 1;
	classes = {
	};
	objectVersion = 48;
	objects = {

/* Begin PBXBuildFile section */
		2332172A1FFB71C2003FA1D6 /* AppDelegate.swift in Sources */ = {isa = PBXBuildFile; fileRef = 233217291FFB71C2003FA1D6 /* AppDelegate.swift */; };
		2332172C1FFB71C2003FA1D6 /* ViewController.swift in Sources */ = {isa = PBXBuildFile; fileRef = 2332172B1FFB71C2003FA1D6 /* ViewController.swift */; };
		2332172F1FFB71C2003FA1D6 /* Main.storyboard in Resources */ = {isa = PBXBuildFile; fileRef = 2332172D1FFB71C2003FA1D6 /* Main.storyboard */; };
		233217311FFB71C2003FA1D6 /* Assets.xcassets in Resources */ = {isa = PBXBuildFile; fileRef = 233217301FFB71C2003FA1D6 /* Assets.xcassets */; };
		233217341FFB71C2003FA1D6 /* LaunchScreen.storyboard in Resources */ = {isa = PBXBuildFile; fileRef = 233217321FFB71C2003FA1D6 /* LaunchScreen.storyboard */; };
		235680901FFB79DA006B0F3A /* MainViewController.swift in Sources */ = {isa = PBXBuildFile; fileRef = 2356808F1FFB79DA006B0F3A /* MainViewController.swift */; };
		235680921FFB79E5006B0F3A /* SplashViewController.swift in Sources */ = {isa = PBXBuildFile; fileRef = 235680911FFB79E5006B0F3A /* SplashViewController.swift */; };
		2C8BA8EEF3C05BFE95510247 /* Pods_WeatherAppWithAlamofire.framework in Frameworks */ = {isa = PBXBuildFile; fileRef = 27937E3DED9ADBF75B71A62D /* Pods_WeatherAppWithAlamofire.framework */; };
/* End PBXBuildFile section */

/* Begin PBXFileReference section */
		233217261FFB71C2003FA1D6 /* WeatherAppWithAlamofire.app */ = {isa = PBXFileReference; explicitFileType = wrapper.application; includeInIndex = 0; path = WeatherAppWithAlamofire.app; sourceTree = BUILT_PRODUCTS_DIR; };
		233217291FFB71C2003FA1D6 /* AppDelegate.swift */ = {isa = PBXFileReference; lastKnownFileType = sourcecode.swift; path = AppDelegate.swift; sourceTree = "<group>"; };
		2332172B1FFB71C2003FA1D6 /* ViewController.swift */ = {isa = PBXFileReference; lastKnownFileType = sourcecode.swift; path = ViewController.swift; sourceTree = "<group>"; };
		2332172E1FFB71C2003FA1D6 /* Base */ = {isa = PBXFileReference; lastKnownFileType = file.storyboard; name = Base; path = Base.lproj/Main.storyboard; sourceTree = "<group>"; };
		233217301FFB71C2003FA1D6 /* Assets.xcassets */ = {isa = PBXFileReference; lastKnownFileType = folder.assetcatalog; path = Assets.xcassets; sourceTree = "<group>"; };
		233217331FFB71C2003FA1D6 /* Base */ = {isa = PBXFileReference; lastKnownFileType = file.storyboard; name = Base; path = Base.lproj/LaunchScreen.storyboard; sourceTree = "<group>"; };
		233217351FFB71C2003FA1D6 /* Info.plist */ = {isa = PBXFileReference; lastKnownFileType = text.plist.xml; path = Info.plist; sourceTree = "<group>"; };
		2356808F1FFB79DA006B0F3A /* MainViewController.swift */ = {isa = PBXFileReference; lastKnownFileType = sourcecode.swift; path = MainViewController.swift; sourceTree = "<group>"; };
		235680911FFB79E5006B0F3A /* SplashViewController.swift */ = {isa = PBXFileReference; lastKnownFileType = sourcecode.swift; path = SplashViewController.swift; sourceTree = "<group>"; };
		27937E3DED9ADBF75B71A62D /* Pods_WeatherAppWithAlamofire.framework */ = {isa = PBXFileReference; explicitFileType = wrapper.framework; includeInIndex = 0; path = Pods_WeatherAppWithAlamofire.framework; sourceTree = BUILT_PRODUCTS_DIR; };
		CD987A3DDBD4125997A902B6 /* Pods-WeatherAppWithAlamofire.debug.xcconfig */ = {isa = PBXFileReference; includeInIndex = 1; lastKnownFileType = text.xcconfig; name = "Pods-WeatherAppWithAlamofire.debug.xcconfig"; path = "Pods/Target Support Files/Pods-WeatherAppWithAlamofire/Pods-WeatherAppWithAlamofire.debug.xcconfig"; sourceTree = "<group>"; };
		E09965A350224CB58CFBFC9C /* Pods-WeatherAppWithAlamofire.release.xcconfig */ = {isa = PBXFileReference; includeInIndex = 1; lastKnownFileType = text.xcconfig; name = "Pods-WeatherAppWithAlamofire.release.xcconfig"; path = "Pods/Target Support Files/Pods-WeatherAppWithAlamofire/Pods-WeatherAppWithAlamofire.release.xcconfig"; sourceTree = "<group>"; };
/* End PBXFileReference section */

/* Begin PBXFrameworksBuildPhase section */
		233217231FFB71C2003FA1D6 /* Frameworks */ = {
			isa = PBXFrameworksBuildPhase;
			buildActionMask = 2147483647;
			files = (
				2C8BA8EEF3C05BFE95510247 /* Pods_WeatherAppWithAlamofire.framework in Frameworks */,
			);
			runOnlyForDeploymentPostprocessing = 0;
		};
/* End PBXFrameworksBuildPhase section */

/* Begin PBXGroup section */
		2332171D1FFB71C2003FA1D6 = {
			isa = PBXGroup;
			children = (
				233217281FFB71C2003FA1D6 /* WeatherAppWithAlamofire */,
				233217271FFB71C2003FA1D6 /* Products */,
				2E063A44218369370EA0E651 /* Pods */,
				841B06A396818BD123757B5E /* Frameworks */,
			);
			sourceTree = "<group>";
		};
		233217271FFB71C2003FA1D6 /* Products */ = {
			isa = PBXGroup;
			children = (
				233217261FFB71C2003FA1D6 /* WeatherAppWithAlamofire.app */,
			);
			name = Products;
			sourceTree = "<group>";
		};
		233217281FFB71C2003FA1D6 /* WeatherAppWithAlamofire */ = {
			isa = PBXGroup;
			children = (
				233217291FFB71C2003FA1D6 /* AppDelegate.swift */,
				2332172B1FFB71C2003FA1D6 /* ViewController.swift */,
				2356808F1FFB79DA006B0F3A /* MainViewController.swift */,
				235680911FFB79E5006B0F3A /* SplashViewController.swift */,
				2332172D1FFB71C2003FA1D6 /* Main.storyboard */,
				233217301FFB71C2003FA1D6 /* Assets.xcassets */,
				233217321FFB71C2003FA1D6 /* LaunchScreen.storyboard */,
				233217351FFB71C2003FA1D6 /* Info.plist */,
			);
			path = WeatherAppWithAlamofire;
			sourceTree = "<group>";
		};
		2E063A44218369370EA0E651 /* Pods */ = {
			isa = PBXGroup;
			children = (
				CD987A3DDBD4125997A902B6 /* Pods-WeatherAppWithAlamofire.debug.xcconfig */,
				E09965A350224CB58CFBFC9C /* Pods-WeatherAppWithAlamofire.release.xcconfig */,
			);
			name = Pods;
			sourceTree = "<group>";
		};
		841B06A396818BD123757B5E /* Frameworks */ = {
			isa = PBXGroup;
			children = (
				27937E3DED9ADBF75B71A62D /* Pods_WeatherAppWithAlamofire.framework */,
			);
			name = Frameworks;
			sourceTree = "<group>";
		};
/* End PBXGroup section */

/* Begin PBXNativeTarget section */
		233217251FFB71C2003FA1D6 /* WeatherAppWithAlamofire */ = {
			isa = PBXNativeTarget;
			buildConfigurationList = 233217381FFB71C2003FA1D6 /* Build configuration list for PBXNativeTarget "WeatherAppWithAlamofire" */;
			buildPhases = (
				023809B042F3DB2E89C5217A /* [CP] Check Pods Manifest.lock */,
				233217221FFB71C2003FA1D6 /* Sources */,
				233217231FFB71C2003FA1D6 /* Frameworks */,
				233217241FFB71C2003FA1D6 /* Resources */,
				9E185DAE6EACCF2821B82EF3 /* [CP] Embed Pods Frameworks */,
				16FFFD6B8381A4A25C3AE987 /* [CP] Copy Pods Resources */,
			);
			buildRules = (
			);
			dependencies = (
			);
			name = WeatherAppWithAlamofire;
			productName = WeatherAppWithAlamofire;
			productReference = 233217261FFB71C2003FA1D6 /* WeatherAppWithAlamofire.app */;
			productType = "com.apple.product-type.application";
		};
/* End PBXNativeTarget section */

/* Begin PBXProject section */
		2332171E1FFB71C2003FA1D6 /* Project object */ = {
			isa = PBXProject;
			attributes = {
				LastSwiftUpdateCheck = 0920;
				LastUpgradeCheck = 0920;
				ORGANIZATIONNAME = SIMA;
				TargetAttributes = {
					233217251FFB71C2003FA1D6 = {
						CreatedOnToolsVersion = 9.2;
						ProvisioningStyle = Automatic;
					};
				};
			};
			buildConfigurationList = 233217211FFB71C2003FA1D6 /* Build configuration list for PBXProject "WeatherAppWithAlamofire" */;
			compatibilityVersion = "Xcode 8.0";
			developmentRegion = en;
			hasScannedForEncodings = 0;
			knownRegions = (
				en,
				Base,
			);
			mainGroup = 2332171D1FFB71C2003FA1D6;
			productRefGroup = 233217271FFB71C2003FA1D6 /* Products */;
			projectDirPath = "";
			projectRoot = "";
			targets = (
				233217251FFB71C2003FA1D6 /* WeatherAppWithAlamofire */,
			);
		};
/* End PBXProject section */

/* Begin PBXResourcesBuildPhase section */
		233217241FFB71C2003FA1D6 /* Resources */ = {
			isa = PBXResourcesBuildPhase;
			buildActionMask = 2147483647;
			files = (
				233217341FFB71C2003FA1D6 /* LaunchScreen.storyboard in Resources */,
				233217311FFB71C2003FA1D6 /* Assets.xcassets in Resources */,
				2332172F1FFB71C2003FA1D6 /* Main.storyboard in Resources */,
			);
			runOnlyForDeploymentPostprocessing = 0;
		};
/* End PBXResourcesBuildPhase section */

/* Begin PBXShellScriptBuildPhase section */
		023809B042F3DB2E89C5217A /* [CP] Check Pods Manifest.lock */ = {
			isa = PBXShellScriptBuildPhase;
			buildActionMask = 2147483647;
			files = (
			);
			inputPaths = (
				"${PODS_PODFILE_DIR_PATH}/Podfile.lock",
				"${PODS_ROOT}/Manifest.lock",
			);
			name = "[CP] Check Pods Manifest.lock";
			outputPaths = (
				"$(DERIVED_FILE_DIR)/Pods-WeatherAppWithAlamofire-checkManifestLockResult.txt",
			);
			runOnlyForDeploymentPostprocessing = 0;
			shellPath = /bin/sh;
			shellScript = "diff \"${PODS_PODFILE_DIR_PATH}/Podfile.lock\" \"${PODS_ROOT}/Manifest.lock\" > /dev/null\nif [ $? != 0 ] ; then\n    # print error to STDERR\n    echo \"error: The sandbox is not in sync with the Podfile.lock. Run 'pod install' or update your CocoaPods installation.\" >&2\n    exit 1\nfi\n# This output is used by Xcode 'outputs' to avoid re-running this script phase.\necho \"SUCCESS\" > \"${SCRIPT_OUTPUT_FILE_0}\"\n";
			showEnvVarsInLog = 0;
		};
		16FFFD6B8381A4A25C3AE987 /* [CP] Copy Pods Resources */ = {
			isa = PBXShellScriptBuildPhase;
			buildActionMask = 2147483647;
			files = (
			);
			inputPaths = (
			);
			name = "[CP] Copy Pods Resources";
			outputPaths = (
			);
			runOnlyForDeploymentPostprocessing = 0;
			shellPath = /bin/sh;
			shellScript = "\"${SRCROOT}/Pods/Target Support Files/Pods-WeatherAppWithAlamofire/Pods-WeatherAppWithAlamofire-resources.sh\"\n";
			showEnvVarsInLog = 0;
		};
		9E185DAE6EACCF2821B82EF3 /* [CP] Embed Pods Frameworks */ = {
			isa = PBXShellScriptBuildPhase;
			buildActionMask = 2147483647;
			files = (
			);
			inputPaths = (
				"${SRCROOT}/Pods/Target Support Files/Pods-WeatherAppWithAlamofire/Pods-WeatherAppWithAlamofire-frameworks.sh",
				"${BUILT_PRODUCTS_DIR}/Alamofire/Alamofire.framework",
				"${BUILT_PRODUCTS_DIR}/SVProgressHUD/SVProgressHUD.framework",
				"${BUILT_PRODUCTS_DIR}/SwiftyJSON/SwiftyJSON.framework",
			);
			name = "[CP] Embed Pods Frameworks";
			outputPaths = (
				"${TARGET_BUILD_DIR}/${FRAMEWORKS_FOLDER_PATH}/Alamofire.framework",
				"${TARGET_BUILD_DIR}/${FRAMEWORKS_FOLDER_PATH}/SVProgressHUD.framework",
				"${TARGET_BUILD_DIR}/${FRAMEWORKS_FOLDER_PATH}/SwiftyJSON.framework",
			);
			runOnlyForDeploymentPostprocessing = 0;
			shellPath = /bin/sh;
			shellScript = "\"${SRCROOT}/Pods/Target Support Files/Pods-WeatherAppWithAlamofire/Pods-WeatherAppWithAlamofire-frameworks.sh\"\n";
			showEnvVarsInLog = 0;
		};
/* End PBXShellScriptBuildPhase section */

/* Begin PBXSourcesBuildPhase section */
		233217221FFB71C2003FA1D6 /* Sources */ = {
			isa = PBXSourcesBuildPhase;
			buildActionMask = 2147483647;
			files = (
				235680901FFB79DA006B0F3A /* MainViewController.swift in Sources */,
				2332172C1FFB71C2003FA1D6 /* ViewController.swift in Sources */,
				2332172A1FFB71C2003FA1D6 /* AppDelegate.swift in Sources */,
				235680921FFB79E5006B0F3A /* SplashViewController.swift in Sources */,
			);
			runOnlyForDeploymentPostprocessing = 0;
		};
/* End PBXSourcesBuildPhase section */

/* Begin PBXVariantGroup section */
		2332172D1FFB71C2003FA1D6 /* Main.storyboard */ = {
			isa = PBXVariantGroup;
			children = (
				2332172E1FFB71C2003FA1D6 /* Base */,
			);
			name = Main.storyboard;
			sourceTree = "<group>";
		};
		233217321FFB71C2003FA1D6 /* LaunchScreen.storyboard */ = {
			isa = PBXVariantGroup;
			children = (
				233217331FFB71C2003FA1D6 /* Base */,
			);
			name = LaunchScreen.storyboard;
			sourceTree = "<group>";
		};
/* End PBXVariantGroup section */

/* Begin XCBuildConfiguration section */
		233217361FFB71C2003FA1D6 /* Debug */ = {
			isa = XCBuildConfiguration;
			buildSettings = {
				ALWAYS_SEARCH_USER_PATHS = NO;
				CLANG_ANALYZER_NONNULL = YES;
				CLANG_ANALYZER_NUMBER_OBJECT_CONVERSION = YES_AGGRESSIVE;
				CLANG_CXX_LANGUAGE_STANDARD = "gnu++14";
				CLANG_CXX_LIBRARY = "libc++";
				CLANG_ENABLE_MODULES = YES;
				CLANG_ENABLE_OBJC_ARC = YES;
				CLANG_WARN_BLOCK_CAPTURE_AUTORELEASING = YES;
				CLANG_WARN_BOOL_CONVERSION = YES;
				CLANG_WARN_COMMA = YES;
				CLANG_WARN_CONSTANT_CONVERSION = YES;
				CLANG_WARN_DIRECT_OBJC_ISA_USAGE = YES_ERROR;
				CLANG_WARN_DOCUMENTATION_COMMENTS = YES;
				CLANG_WARN_EMPTY_BODY = YES;
				CLANG_WARN_ENUM_CONVERSION = YES;
				CLANG_WARN_INFINITE_RECURSION = YES;
				CLANG_WARN_INT_CONVERSION = YES;
				CLANG_WARN_NON_LITERAL_NULL_CONVERSION = YES;
				CLANG_WARN_OBJC_LITERAL_CONVERSION = YES;
				CLANG_WARN_OBJC_ROOT_CLASS = YES_ERROR;
				CLANG_WARN_RANGE_LOOP_ANALYSIS = YES;
				CLANG_WARN_STRICT_PROTOTYPES = YES;
				CLANG_WARN_SUSPICIOUS_MOVE = YES;
				CLANG_WARN_UNGUARDED_AVAILABILITY = YES_AGGRESSIVE;
				CLANG_WARN_UNREACHABLE_CODE = YES;
				CLANG_WARN__DUPLICATE_METHOD_MATCH = YES;
				CODE_SIGN_IDENTITY = "iPhone Developer";
				COPY_PHASE_STRIP = NO;
				DEBUG_INFORMATION_FORMAT = dwarf;
				ENABLE_STRICT_OBJC_MSGSEND = YES;
				ENABLE_TESTABILITY = YES;
				GCC_C_LANGUAGE_STANDARD = gnu11;
				GCC_DYNAMIC_NO_PIC = NO;
				GCC_NO_COMMON_BLOCKS = YES;
				GCC_OPTIMIZATION_LEVEL = 0;
				GCC_PREPROCESSOR_DEFINITIONS = (
					"DEBUG=1",
					"$(inherited)",
				);
				GCC_WARN_64_TO_32_BIT_CONVERSION = YES;
				GCC_WARN_ABOUT_RETURN_TYPE = YES_ERROR;
				GCC_WARN_UNDECLARED_SELECTOR = YES;
				GCC_WARN_UNINITIALIZED_AUTOS = YES_AGGRESSIVE;
				GCC_WARN_UNUSED_FUNCTION = YES;
				GCC_WARN_UNUSED_VARIABLE = YES;
				IPHONEOS_DEPLOYMENT_TARGET = 11.2;
				MTL_ENABLE_DEBUG_INFO = YES;
				ONLY_ACTIVE_ARCH = YES;
				SDKROOT = iphoneos;
				SWIFT_ACTIVE_COMPILATION_CONDITIONS = DEBUG;
				SWIFT_OPTIMIZATION_LEVEL = "-Onone";
			};
			name = Debug;
		};
		233217371FFB71C2003FA1D6 /* Release */ = {
			isa = XCBuildConfiguration;
			buildSettings = {
				ALWAYS_SEARCH_USER_PATHS = NO;
				CLANG_ANALYZER_NONNULL = YES;
				CLANG_ANALYZER_NUMBER_OBJECT_CONVERSION = YES_AGGRESSIVE;
				CLANG_CXX_LANGUAGE_STANDARD = "gnu++14";
				CLANG_CXX_LIBRARY = "libc++";
				CLANG_ENABLE_MODULES = YES;
				CLANG_ENABLE_OBJC_ARC = YES;
				CLANG_WARN_BLOCK_CAPTURE_AUTORELEASING = YES;
				CLANG_WARN_BOOL_CONVERSION = YES;
				CLANG_WARN_COMMA = YES;
				CLANG_WARN_CONSTANT_CONVERSION = YES;
				CLANG_WARN_DIRECT_OBJC_ISA_USAGE = YES_ERROR;
				CLANG_WARN_DOCUMENTATION_COMMENTS = YES;
				CLANG_WARN_EMPTY_BODY = YES;
				CLANG_WARN_ENUM_CONVERSION = YES;
				CLANG_WARN_INFINITE_RECURSION = YES;
				CLANG_WARN_INT_CONVERSION = YES;
				CLANG_WARN_NON_LITERAL_NULL_CONVERSION = YES;
				CLANG_WARN_OBJC_LITERAL_CONVERSION = YES;
				CLANG_WARN_OBJC_ROOT_CLASS = YES_ERROR;
				CLANG_WARN_RANGE_LOOP_ANALYSIS = YES;
				CLANG_WARN_STRICT_PROTOTYPES = YES;
				CLANG_WARN_SUSPICIOUS_MOVE = YES;
				CLANG_WARN_UNGUARDED_AVAILABILITY = YES_AGGRESSIVE;
				CLANG_WARN_UNREACHABLE_CODE = YES;
				CLANG_WARN__DUPLICATE_METHOD_MATCH = YES;
				CODE_SIGN_IDENTITY = "iPhone Developer";
				COPY_PHASE_STRIP = NO;
				DEBUG_INFORMATION_FORMAT = "dwarf-with-dsym";
				ENABLE_NS_ASSERTIONS = NO;
				ENABLE_STRICT_OBJC_MSGSEND = YES;
				GCC_C_LANGUAGE_STANDARD = gnu11;
				GCC_NO_COMMON_BLOCKS = YES;
				GCC_WARN_64_TO_32_BIT_CONVERSION = YES;
				GCC_WARN_ABOUT_RETURN_TYPE = YES_ERROR;
				GCC_WARN_UNDECLARED_SELECTOR = YES;
				GCC_WARN_UNINITIALIZED_AUTOS = YES_AGGRESSIVE;
				GCC_WARN_UNUSED_FUNCTION = YES;
				GCC_WARN_UNUSED_VARIABLE = YES;
				IPHONEOS_DEPLOYMENT_TARGET = 11.2;
				MTL_ENABLE_DEBUG_INFO = NO;
				SDKROOT = iphoneos;
				SWIFT_OPTIMIZATION_LEVEL = "-Owholemodule";
				VALIDATE_PRODUCT = YES;
			};
			name = Release;
		};
		233217391FFB71C2003FA1D6 /* Debug */ = {
			isa = XCBuildConfiguration;
			baseConfigurationReference = CD987A3DDBD4125997A902B6 /* Pods-WeatherAppWithAlamofire.debug.xcconfig */;
			buildSettings = {
				ASSETCATALOG_COMPILER_APPICON_NAME = AppIcon;
				CODE_SIGN_STYLE = Automatic;
				INFOPLIST_FILE = WeatherAppWithAlamofire/Info.plist;
				LD_RUNPATH_SEARCH_PATHS = "$(inherited) @executable_path/Frameworks";
				PRODUCT_BUNDLE_IDENTIFIER = com.SIMA.WeatherAppWithAlamofire;
				PRODUCT_NAME = "$(TARGET_NAME)";
				SWIFT_VERSION = 4.0;
				TARGETED_DEVICE_FAMILY = "1,2";
			};
			name = Debug;
		};
		2332173A1FFB71C2003FA1D6 /* Release */ = {
			isa = XCBuildConfiguration;
			baseConfigurationReference = E09965A350224CB58CFBFC9C /* Pods-WeatherAppWithAlamofire.release.xcconfig */;
			buildSettings = {
				ASSETCATALOG_COMPILER_APPICON_NAME = AppIcon;
				CODE_SIGN_STYLE = Automatic;
				INFOPLIST_FILE = WeatherAppWithAlamofire/Info.plist;
				LD_RUNPATH_SEARCH_PATHS = "$(inherited) @executable_path/Frameworks";
				PRODUCT_BUNDLE_IDENTIFIER = com.SIMA.WeatherAppWithAlamofire;
				PRODUCT_NAME = "$(TARGET_NAME)";
				SWIFT_VERSION = 4.0;
				TARGETED_DEVICE_FAMILY = "1,2";
			};
			name = Release;
		};
/* End XCBuildConfiguration section */

/* Begin XCConfigurationList section */
		233217211FFB71C2003FA1D6 /* Build configuration list for PBXProject "WeatherAppWithAlamofire" */ = {
			isa = XCConfigurationList;
			buildConfigurations = (
				233217361FFB71C2003FA1D6 /* Debug */,
				233217371FFB71C2003FA1D6 /* Release */,
			);
			defaultConfigurationIsVisible = 0;
			defaultConfigurationName = Release;
		};
		233217381FFB71C2003FA1D6 /* Build configuration list for PBXNativeTarget "WeatherAppWithAlamofire" */ = {
			isa = XCConfigurationList;
			buildConfigurations = (
				233217391FFB71C2003FA1D6 /* Debug */,
				2332173A1FFB71C2003FA1D6 /* Release */,
			);
			defaultConfigurationIsVisible = 0;
			defaultConfigurationName = Release;
		};
/* End XCConfigurationList section */
	};
	rootObject = 2332171E1FFB71C2003FA1D6 /* Project object */;
}
